// !$*UTF8*$!
{
	archiveVersion = 1;
	classes = {
	};
	objectVersion = 50;
	objects = {

/* Begin PBXBuildFile section */
		0D43770DA5C3C7780CF43BBE /* libPods-Yak_Driver.a in Frameworks */ = {isa = PBXBuildFile; fileRef = 9459CCB8E114CF70FF86C70F /* libPods-Yak_Driver.a */; };
		C2AAF9781C3DF558E3FA286B /* libPods-Yak_DriverUITests.a in Frameworks */ = {isa = PBXBuildFile; fileRef = 0920D64E9481397C5F0E5E2B /* libPods-Yak_DriverUITests.a */; };
		CBC03DE0207DA2A9009AF1F8 /* AppDelegate.m in Sources */ = {isa = PBXBuildFile; fileRef = CBC03DDF207DA2A9009AF1F8 /* AppDelegate.m */; };
		CBC03DE3207DA2A9009AF1F8 /* ViewController.m in Sources */ = {isa = PBXBuildFile; fileRef = CBC03DE2207DA2A9009AF1F8 /* ViewController.m */; };
		CBC03DE6207DA2A9009AF1F8 /* Main.storyboard in Resources */ = {isa = PBXBuildFile; fileRef = CBC03DE4207DA2A9009AF1F8 /* Main.storyboard */; };
		CBC03DE8207DA2AB009AF1F8 /* Assets.xcassets in Resources */ = {isa = PBXBuildFile; fileRef = CBC03DE7207DA2AB009AF1F8 /* Assets.xcassets */; };
		CBC03DEB207DA2AB009AF1F8 /* LaunchScreen.storyboard in Resources */ = {isa = PBXBuildFile; fileRef = CBC03DE9207DA2AB009AF1F8 /* LaunchScreen.storyboard */; };
		CBC03DEE207DA2AB009AF1F8 /* main.m in Sources */ = {isa = PBXBuildFile; fileRef = CBC03DED207DA2AB009AF1F8 /* main.m */; };
		CBC03DF8207DA2AB009AF1F8 /* Yak_DriverTests.m in Sources */ = {isa = PBXBuildFile; fileRef = CBC03DF7207DA2AB009AF1F8 /* Yak_DriverTests.m */; };
		CBC03E03207DA2AB009AF1F8 /* Yak_DriverUITests.m in Sources */ = {isa = PBXBuildFile; fileRef = CBC03E02207DA2AB009AF1F8 /* Yak_DriverUITests.m */; };
		CBC047C4207DB465009AF1F8 /* CHReplaceNullData.m in Sources */ = {isa = PBXBuildFile; fileRef = CBC047C3207DB465009AF1F8 /* CHReplaceNullData.m */; };
		CBC047C8207DB4A0009AF1F8 /* CHAdapter.m in Sources */ = {isa = PBXBuildFile; fileRef = CBC047C7207DB4A0009AF1F8 /* CHAdapter.m */; };
		CBC047CC207DB5B4009AF1F8 /* CHLabel.m in Sources */ = {isa = PBXBuildFile; fileRef = CBC047CB207DB5B4009AF1F8 /* CHLabel.m */; };
		CBC047D0207DB629009AF1F8 /* NSString+Add.m in Sources */ = {isa = PBXBuildFile; fileRef = CBC047CF207DB629009AF1F8 /* NSString+Add.m */; };
		CBC047D3207DB8F8009AF1F8 /* UIColor+Hex.m in Sources */ = {isa = PBXBuildFile; fileRef = CBC047D2207DB8F8009AF1F8 /* UIColor+Hex.m */; };
		CBC047D7207DBB57009AF1F8 /* BaseViewController.m in Sources */ = {isa = PBXBuildFile; fileRef = CBC047D6207DBB57009AF1F8 /* BaseViewController.m */; };
		CBC047DB207DBC76009AF1F8 /* CHMyDevice.m in Sources */ = {isa = PBXBuildFile; fileRef = CBC047DA207DBC76009AF1F8 /* CHMyDevice.m */; };
		CBC04911207E0D61009AF1F8 /* UIStoryboard+XHAdd.m in Sources */ = {isa = PBXBuildFile; fileRef = CBC04893207E0D61009AF1F8 /* UIStoryboard+XHAdd.m */; };
		CBC04912207E0D61009AF1F8 /* APITool.m in Sources */ = {isa = PBXBuildFile; fileRef = CBC04896207E0D61009AF1F8 /* APITool.m */; };
		CBC04913207E0D61009AF1F8 /* XHUIHelper.m in Sources */ = {isa = PBXBuildFile; fileRef = CBC04897207E0D61009AF1F8 /* XHUIHelper.m */; };
		CBC04914207E0D61009AF1F8 /* XHRequestManager.m in Sources */ = {isa = PBXBuildFile; fileRef = CBC0489B207E0D61009AF1F8 /* XHRequestManager.m */; };
		CBC04915207E0D61009AF1F8 /* XHModel+JSON.m in Sources */ = {isa = PBXBuildFile; fileRef = CBC0489E207E0D61009AF1F8 /* XHModel+JSON.m */; };
		CBC04916207E0D61009AF1F8 /* XHModel.m in Sources */ = {isa = PBXBuildFile; fileRef = CBC0489F207E0D61009AF1F8 /* XHModel.m */; };
		CBC04917207E0D61009AF1F8 /* XHClassInfo.m in Sources */ = {isa = PBXBuildFile; fileRef = CBC048A0207E0D61009AF1F8 /* XHClassInfo.m */; };
		CBC04918207E0D61009AF1F8 /* UIScrollView+SVInfiniteScrolling.m in Sources */ = {isa = PBXBuildFile; fileRef = CBC048A6207E0D61009AF1F8 /* UIScrollView+SVInfiniteScrolling.m */; };
		CBC04919207E0D61009AF1F8 /* UIScrollView+SVPullToRefresh.m in Sources */ = {isa = PBXBuildFile; fileRef = CBC048A7207E0D61009AF1F8 /* UIScrollView+SVPullToRefresh.m */; };
		CBC0491A207E0D61009AF1F8 /* UIDeviceAddition.m in Sources */ = {isa = PBXBuildFile; fileRef = CBC048B0207E0D61009AF1F8 /* UIDeviceAddition.m */; };
		CBC0491B207E0D61009AF1F8 /* NSDataAddition.m in Sources */ = {isa = PBXBuildFile; fileRef = CBC048B3207E0D61009AF1F8 /* NSDataAddition.m */; };
		CBC0491C207E0D61009AF1F8 /* NSDictionaryAdditions.m in Sources */ = {isa = PBXBuildFile; fileRef = CBC048B4207E0D61009AF1F8 /* NSDictionaryAdditions.m */; };
		CBC0491D207E0D61009AF1F8 /* UITextField+NumberValid.m in Sources */ = {isa = PBXBuildFile; fileRef = CBC048B5207E0D61009AF1F8 /* UITextField+NumberValid.m */; };
		CBC0491E207E0D61009AF1F8 /* NSStringAddition.m in Sources */ = {isa = PBXBuildFile; fileRef = CBC048B6207E0D61009AF1F8 /* NSStringAddition.m */; };
		CBC0491F207E0D61009AF1F8 /* UIColor+Hexadecimal.m in Sources */ = {isa = PBXBuildFile; fileRef = CBC048B7207E0D61009AF1F8 /* UIColor+Hexadecimal.m */; };
		CBC04920207E0D61009AF1F8 /* NSNumberAddition.m in Sources */ = {isa = PBXBuildFile; fileRef = CBC048B8207E0D61009AF1F8 /* NSNumberAddition.m */; };
		CBC04921207E0D61009AF1F8 /* NSNumber+Addition.m in Sources */ = {isa = PBXBuildFile; fileRef = CBC048B9207E0D61009AF1F8 /* NSNumber+Addition.m */; };
		CBC04922207E0D61009AF1F8 /* NSDateAddition.m in Sources */ = {isa = PBXBuildFile; fileRef = CBC048BB207E0D61009AF1F8 /* NSDateAddition.m */; };
		CBC04923207E0D61009AF1F8 /* UIButtonAdditions.m in Sources */ = {isa = PBXBuildFile; fileRef = CBC048BE207E0D61009AF1F8 /* UIButtonAdditions.m */; };
		CBC04924207E0D61009AF1F8 /* UIImage+XHAdd.m in Sources */ = {isa = PBXBuildFile; fileRef = CBC048C1207E0D61009AF1F8 /* UIImage+XHAdd.m */; };
		CBC04925207E0D61009AF1F8 /* UIView+TouchEvent.m in Sources */ = {isa = PBXBuildFile; fileRef = CBC048C4207E0D61009AF1F8 /* UIView+TouchEvent.m */; };
		CBC04926207E0D61009AF1F8 /* UIApplication+XHAdd.m in Sources */ = {isa = PBXBuildFile; fileRef = CBC048C6207E0D61009AF1F8 /* UIApplication+XHAdd.m */; };
		CBC04927207E0D61009AF1F8 /* UIView+XHAdd.m in Sources */ = {isa = PBXBuildFile; fileRef = CBC048C8207E0D61009AF1F8 /* UIView+XHAdd.m */; };
		CBC04928207E0D61009AF1F8 /* XHSegmentControl.m in Sources */ = {isa = PBXBuildFile; fileRef = CBC048CB207E0D61009AF1F8 /* XHSegmentControl.m */; };
		CBC04929207E0D61009AF1F8 /* UIViewAdditions.m in Sources */ = {isa = PBXBuildFile; fileRef = CBC048CC207E0D61009AF1F8 /* UIViewAdditions.m */; };
		CBC0492A207E0D61009AF1F8 /* NSBundle+XHBundle.m in Sources */ = {isa = PBXBuildFile; fileRef = CBC048D0207E0D61009AF1F8 /* NSBundle+XHBundle.m */; };
		CBC0492B207E0D61009AF1F8 /* NSObject+XHAdd.m in Sources */ = {isa = PBXBuildFile; fileRef = CBC048D3207E0D61009AF1F8 /* NSObject+XHAdd.m */; };
		CBC0492C207E0D61009AF1F8 /* NSArray+XHAdd.m in Sources */ = {isa = PBXBuildFile; fileRef = CBC048D4207E0D61009AF1F8 /* NSArray+XHAdd.m */; };
		CBC0492D207E0D61009AF1F8 /* NSArray+Order.m in Sources */ = {isa = PBXBuildFile; fileRef = CBC048D6207E0D61009AF1F8 /* NSArray+Order.m */; };
		CBC04943207E0D61009AF1F8 /* XHCGUtilities.m in Sources */ = {isa = PBXBuildFile; fileRef = CBC0490F207E0D61009AF1F8 /* XHCGUtilities.m */; };
		CBC0494B207E14F3009AF1F8 /* CHOrderListController.m in Sources */ = {isa = PBXBuildFile; fileRef = CBC0494A207E14F3009AF1F8 /* CHOrderListController.m */; };
		CBC0494E207E158C009AF1F8 /* CHOrderModel.m in Sources */ = {isa = PBXBuildFile; fileRef = CBC0494D207E158C009AF1F8 /* CHOrderModel.m */; };
		CBC04951207E162E009AF1F8 /* CHOrderView.m in Sources */ = {isa = PBXBuildFile; fileRef = CBC04950207E162E009AF1F8 /* CHOrderView.m */; };
		CBC04955207E166B009AF1F8 /* CHOrderNewCell.m in Sources */ = {isa = PBXBuildFile; fileRef = CBC04954207E166B009AF1F8 /* CHOrderNewCell.m */; };
		CBC04958207E18CD009AF1F8 /* UIView+ch_basic.m in Sources */ = {isa = PBXBuildFile; fileRef = CBC04957207E18CD009AF1F8 /* UIView+ch_basic.m */; };
		CBC0495B207E1F4B009AF1F8 /* CHOrderViewModel.m in Sources */ = {isa = PBXBuildFile; fileRef = CBC0495A207E1F4B009AF1F8 /* CHOrderViewModel.m */; };
		CBC0495E207E2A5F009AF1F8 /* CHOrderReceiveCell.m in Sources */ = {isa = PBXBuildFile; fileRef = CBC0495D207E2A5F009AF1F8 /* CHOrderReceiveCell.m */; };
		CBC04962207EED98009AF1F8 /* CHButton.m in Sources */ = {isa = PBXBuildFile; fileRef = CBC04961207EED98009AF1F8 /* CHButton.m */; };
		CBC04965207EF276009AF1F8 /* CHOrderHeaderView.m in Sources */ = {isa = PBXBuildFile; fileRef = CBC04964207EF276009AF1F8 /* CHOrderHeaderView.m */; };
		CBC04975207F0A94009AF1F8 /* go_02@2x.png in Resources */ = {isa = PBXBuildFile; fileRef = CBC04969207F0A93009AF1F8 /* go_02@2x.png */; };
		CBC04976207F0A94009AF1F8 /* Soft@2x.png in Resources */ = {isa = PBXBuildFile; fileRef = CBC0496A207F0A93009AF1F8 /* Soft@2x.png */; };
		CBC04977207F0A94009AF1F8 /* Soft@3x.png in Resources */ = {isa = PBXBuildFile; fileRef = CBC0496B207F0A93009AF1F8 /* Soft@3x.png */; };
		CBC04978207F0A94009AF1F8 /* go_02@3x.png in Resources */ = {isa = PBXBuildFile; fileRef = CBC0496C207F0A93009AF1F8 /* go_02@3x.png */; };
		CBC04979207F0A94009AF1F8 /* pic01@2x.png in Resources */ = {isa = PBXBuildFile; fileRef = CBC0496D207F0A93009AF1F8 /* pic01@2x.png */; };
		CBC0497A207F0A94009AF1F8 /* my_icon@3x.png in Resources */ = {isa = PBXBuildFile; fileRef = CBC0496E207F0A93009AF1F8 /* my_icon@3x.png */; };
		CBC0497B207F0A94009AF1F8 /* my_icon@2x.png in Resources */ = {isa = PBXBuildFile; fileRef = CBC0496F207F0A93009AF1F8 /* my_icon@2x.png */; };
		CBC0497C207F0A94009AF1F8 /* pic01@3x.png in Resources */ = {isa = PBXBuildFile; fileRef = CBC04970207F0A93009AF1F8 /* pic01@3x.png */; };
		CBC0497D207F0A94009AF1F8 /* nav_left@3x.png in Resources */ = {isa = PBXBuildFile; fileRef = CBC04971207F0A93009AF1F8 /* nav_left@3x.png */; };
		CBC0497E207F0A94009AF1F8 /* message_icon@2x.png in Resources */ = {isa = PBXBuildFile; fileRef = CBC04972207F0A93009AF1F8 /* message_icon@2x.png */; };
		CBC0497F207F0A94009AF1F8 /* message_icon@3x.png in Resources */ = {isa = PBXBuildFile; fileRef = CBC04973207F0A93009AF1F8 /* message_icon@3x.png */; };
		CBC04980207F0A94009AF1F8 /* nav_left@2x.png in Resources */ = {isa = PBXBuildFile; fileRef = CBC04974207F0A93009AF1F8 /* nav_left@2x.png */; };
		CBC04987207F0D67009AF1F8 /* pic_01@3x.png in Resources */ = {isa = PBXBuildFile; fileRef = CBC04985207F0D66009AF1F8 /* pic_01@3x.png */; };
		CBC04988207F0D67009AF1F8 /* pic_01@2x.png in Resources */ = {isa = PBXBuildFile; fileRef = CBC04986207F0D67009AF1F8 /* pic_01@2x.png */; };
		CBC0498D207F0DAD009AF1F8 /* Travel@2x.png in Resources */ = {isa = PBXBuildFile; fileRef = CBC04989207F0DAD009AF1F8 /* Travel@2x.png */; };
		CBC0498E207F0DAD009AF1F8 /* Travel@3x.png in Resources */ = {isa = PBXBuildFile; fileRef = CBC0498A207F0DAD009AF1F8 /* Travel@3x.png */; };
		CBC0498F207F0DAD009AF1F8 /* Tel@3x.png in Resources */ = {isa = PBXBuildFile; fileRef = CBC0498B207F0DAD009AF1F8 /* Tel@3x.png */; };
		CBC04990207F0DAD009AF1F8 /* Tel@2x.png in Resources */ = {isa = PBXBuildFile; fileRef = CBC0498C207F0DAD009AF1F8 /* Tel@2x.png */; };
		CBC04996207F1E58009AF1F8 /* UIViewController+RTRootNavigationController.m in Sources */ = {isa = PBXBuildFile; fileRef = CBC04992207F1E58009AF1F8 /* UIViewController+RTRootNavigationController.m */; };
		CBC04997207F1E58009AF1F8 /* RTRootNavigationController.m in Sources */ = {isa = PBXBuildFile; fileRef = CBC04993207F1E58009AF1F8 /* RTRootNavigationController.m */; };
		CBC0499A207F1F51009AF1F8 /* BaseNavigationController.m in Sources */ = {isa = PBXBuildFile; fileRef = CBC04999207F1F51009AF1F8 /* BaseNavigationController.m */; };
		CBC0499D207F21A6009AF1F8 /* ViewController1.m in Sources */ = {isa = PBXBuildFile; fileRef = CBC0499C207F21A6009AF1F8 /* ViewController1.m */; };
		CBC049A3207F25C7009AF1F8 /* UIImage+Add.m in Sources */ = {isa = PBXBuildFile; fileRef = CBC049A2207F25C7009AF1F8 /* UIImage+Add.m */; };
		CBC049A6207F2F7D009AF1F8 /* backarrow_icon@2x.png in Resources */ = {isa = PBXBuildFile; fileRef = CBC049A4207F2F7D009AF1F8 /* backarrow_icon@2x.png */; };
		CBC049A7207F2F7D009AF1F8 /* backarrow_icon@3x.png in Resources */ = {isa = PBXBuildFile; fileRef = CBC049A5207F2F7D009AF1F8 /* backarrow_icon@3x.png */; };
		F9E00F4D6C469713FA0EDF8A /* libPods-Yak_DriverTests.a in Frameworks */ = {isa = PBXBuildFile; fileRef = 5D3162913C359C45B628134A /* libPods-Yak_DriverTests.a */; };
/* End PBXBuildFile section */

/* Begin PBXContainerItemProxy section */
		CBC03DF4207DA2AB009AF1F8 /* PBXContainerItemProxy */ = {
			isa = PBXContainerItemProxy;
			containerPortal = CBC03DD3207DA2A9009AF1F8 /* Project object */;
			proxyType = 1;
			remoteGlobalIDString = CBC03DDA207DA2A9009AF1F8;
			remoteInfo = Yak_Driver;
		};
		CBC03DFF207DA2AB009AF1F8 /* PBXContainerItemProxy */ = {
			isa = PBXContainerItemProxy;
			containerPortal = CBC03DD3207DA2A9009AF1F8 /* Project object */;
			proxyType = 1;
			remoteGlobalIDString = CBC03DDA207DA2A9009AF1F8;
			remoteInfo = Yak_Driver;
		};
/* End PBXContainerItemProxy section */

/* Begin PBXFileReference section */
		0920D64E9481397C5F0E5E2B /* libPods-Yak_DriverUITests.a */ = {isa = PBXFileReference; explicitFileType = archive.ar; includeInIndex = 0; path = "libPods-Yak_DriverUITests.a"; sourceTree = BUILT_PRODUCTS_DIR; };
		23467470007DDAB0B9B1638C /* Pods-Yak_DriverTests.debug.xcconfig */ = {isa = PBXFileReference; includeInIndex = 1; lastKnownFileType = text.xcconfig; name = "Pods-Yak_DriverTests.debug.xcconfig"; path = "Pods/Target Support Files/Pods-Yak_DriverTests/Pods-Yak_DriverTests.debug.xcconfig"; sourceTree = "<group>"; };
		5D3162913C359C45B628134A /* libPods-Yak_DriverTests.a */ = {isa = PBXFileReference; explicitFileType = archive.ar; includeInIndex = 0; path = "libPods-Yak_DriverTests.a"; sourceTree = BUILT_PRODUCTS_DIR; };
		76D878C644DA2BDD118705F5 /* Pods-Yak_Driver.release.xcconfig */ = {isa = PBXFileReference; includeInIndex = 1; lastKnownFileType = text.xcconfig; name = "Pods-Yak_Driver.release.xcconfig"; path = "Pods/Target Support Files/Pods-Yak_Driver/Pods-Yak_Driver.release.xcconfig"; sourceTree = "<group>"; };
		9459CCB8E114CF70FF86C70F /* libPods-Yak_Driver.a */ = {isa = PBXFileReference; explicitFileType = archive.ar; includeInIndex = 0; path = "libPods-Yak_Driver.a"; sourceTree = BUILT_PRODUCTS_DIR; };
		9E82889A44F7FBA546DEA7D4 /* Pods-Yak_DriverUITests.release.xcconfig */ = {isa = PBXFileReference; includeInIndex = 1; lastKnownFileType = text.xcconfig; name = "Pods-Yak_DriverUITests.release.xcconfig"; path = "Pods/Target Support Files/Pods-Yak_DriverUITests/Pods-Yak_DriverUITests.release.xcconfig"; sourceTree = "<group>"; };
		AE99BD4E3D16FEB0975B6C6F /* Pods-Yak_Driver.debug.xcconfig */ = {isa = PBXFileReference; includeInIndex = 1; lastKnownFileType = text.xcconfig; name = "Pods-Yak_Driver.debug.xcconfig"; path = "Pods/Target Support Files/Pods-Yak_Driver/Pods-Yak_Driver.debug.xcconfig"; sourceTree = "<group>"; };
		CBC03DDB207DA2A9009AF1F8 /* Yak_Driver.app */ = {isa = PBXFileReference; explicitFileType = wrapper.application; includeInIndex = 0; path = Yak_Driver.app; sourceTree = BUILT_PRODUCTS_DIR; };
		CBC03DDE207DA2A9009AF1F8 /* AppDelegate.h */ = {isa = PBXFileReference; lastKnownFileType = sourcecode.c.h; path = AppDelegate.h; sourceTree = "<group>"; };
		CBC03DDF207DA2A9009AF1F8 /* AppDelegate.m */ = {isa = PBXFileReference; lastKnownFileType = sourcecode.c.objc; path = AppDelegate.m; sourceTree = "<group>"; };
		CBC03DE1207DA2A9009AF1F8 /* ViewController.h */ = {isa = PBXFileReference; lastKnownFileType = sourcecode.c.h; path = ViewController.h; sourceTree = "<group>"; };
		CBC03DE2207DA2A9009AF1F8 /* ViewController.m */ = {isa = PBXFileReference; lastKnownFileType = sourcecode.c.objc; path = ViewController.m; sourceTree = "<group>"; };
		CBC03DE5207DA2A9009AF1F8 /* Base */ = {isa = PBXFileReference; lastKnownFileType = file.storyboard; name = Base; path = Base.lproj/Main.storyboard; sourceTree = "<group>"; };
		CBC03DE7207DA2AB009AF1F8 /* Assets.xcassets */ = {isa = PBXFileReference; lastKnownFileType = folder.assetcatalog; path = Assets.xcassets; sourceTree = "<group>"; };
		CBC03DEA207DA2AB009AF1F8 /* Base */ = {isa = PBXFileReference; lastKnownFileType = file.storyboard; name = Base; path = Base.lproj/LaunchScreen.storyboard; sourceTree = "<group>"; };
		CBC03DEC207DA2AB009AF1F8 /* Info.plist */ = {isa = PBXFileReference; lastKnownFileType = text.plist.xml; path = Info.plist; sourceTree = "<group>"; };
		CBC03DED207DA2AB009AF1F8 /* main.m */ = {isa = PBXFileReference; lastKnownFileType = sourcecode.c.objc; path = main.m; sourceTree = "<group>"; };
		CBC03DF3207DA2AB009AF1F8 /* Yak_DriverTests.xctest */ = {isa = PBXFileReference; explicitFileType = wrapper.cfbundle; includeInIndex = 0; path = Yak_DriverTests.xctest; sourceTree = BUILT_PRODUCTS_DIR; };
		CBC03DF7207DA2AB009AF1F8 /* Yak_DriverTests.m */ = {isa = PBXFileReference; lastKnownFileType = sourcecode.c.objc; path = Yak_DriverTests.m; sourceTree = "<group>"; };
		CBC03DF9207DA2AB009AF1F8 /* Info.plist */ = {isa = PBXFileReference; lastKnownFileType = text.plist.xml; path = Info.plist; sourceTree = "<group>"; };
		CBC03DFE207DA2AB009AF1F8 /* Yak_DriverUITests.xctest */ = {isa = PBXFileReference; explicitFileType = wrapper.cfbundle; includeInIndex = 0; path = Yak_DriverUITests.xctest; sourceTree = BUILT_PRODUCTS_DIR; };
		CBC03E02207DA2AB009AF1F8 /* Yak_DriverUITests.m */ = {isa = PBXFileReference; lastKnownFileType = sourcecode.c.objc; path = Yak_DriverUITests.m; sourceTree = "<group>"; };
		CBC03E04207DA2AB009AF1F8 /* Info.plist */ = {isa = PBXFileReference; lastKnownFileType = text.plist.xml; path = Info.plist; sourceTree = "<group>"; };
		CBC04033207DAFF6009AF1F8 /* CHSingleton.h */ = {isa = PBXFileReference; fileEncoding = 4; lastKnownFileType = sourcecode.c.h; path = CHSingleton.h; sourceTree = "<group>"; };
		CBC04034207DB059009AF1F8 /* Yak_Drive_PrefixHeader.pch */ = {isa = PBXFileReference; lastKnownFileType = sourcecode.c.h; path = Yak_Drive_PrefixHeader.pch; sourceTree = "<group>"; };
		CBC04035207DB12C009AF1F8 /* UtilsMacros.h */ = {isa = PBXFileReference; lastKnownFileType = sourcecode.c.h; path = UtilsMacros.h; sourceTree = "<group>"; };
		CBC04036207DB14C009AF1F8 /* FontAndColorMacros.h */ = {isa = PBXFileReference; lastKnownFileType = sourcecode.c.h; path = FontAndColorMacros.h; sourceTree = "<group>"; };
		CBC047C2207DB465009AF1F8 /* CHReplaceNullData.h */ = {isa = PBXFileReference; lastKnownFileType = sourcecode.c.h; path = CHReplaceNullData.h; sourceTree = "<group>"; };
		CBC047C3207DB465009AF1F8 /* CHReplaceNullData.m */ = {isa = PBXFileReference; lastKnownFileType = sourcecode.c.objc; path = CHReplaceNullData.m; sourceTree = "<group>"; };
		CBC047C6207DB4A0009AF1F8 /* CHAdapter.h */ = {isa = PBXFileReference; lastKnownFileType = sourcecode.c.h; path = CHAdapter.h; sourceTree = "<group>"; };
		CBC047C7207DB4A0009AF1F8 /* CHAdapter.m */ = {isa = PBXFileReference; lastKnownFileType = sourcecode.c.objc; path = CHAdapter.m; sourceTree = "<group>"; };
		CBC047CA207DB5B4009AF1F8 /* CHLabel.h */ = {isa = PBXFileReference; lastKnownFileType = sourcecode.c.h; path = CHLabel.h; sourceTree = "<group>"; };
		CBC047CB207DB5B4009AF1F8 /* CHLabel.m */ = {isa = PBXFileReference; lastKnownFileType = sourcecode.c.objc; path = CHLabel.m; sourceTree = "<group>"; };
		CBC047CE207DB629009AF1F8 /* NSString+Add.h */ = {isa = PBXFileReference; lastKnownFileType = sourcecode.c.h; path = "NSString+Add.h"; sourceTree = "<group>"; };
		CBC047CF207DB629009AF1F8 /* NSString+Add.m */ = {isa = PBXFileReference; lastKnownFileType = sourcecode.c.objc; path = "NSString+Add.m"; sourceTree = "<group>"; };
		CBC047D1207DB8F8009AF1F8 /* UIColor+Hex.h */ = {isa = PBXFileReference; lastKnownFileType = sourcecode.c.h; path = "UIColor+Hex.h"; sourceTree = "<group>"; };
		CBC047D2207DB8F8009AF1F8 /* UIColor+Hex.m */ = {isa = PBXFileReference; lastKnownFileType = sourcecode.c.objc; path = "UIColor+Hex.m"; sourceTree = "<group>"; };
		CBC047D5207DBB57009AF1F8 /* BaseViewController.h */ = {isa = PBXFileReference; lastKnownFileType = sourcecode.c.h; path = BaseViewController.h; sourceTree = "<group>"; };
		CBC047D6207DBB57009AF1F8 /* BaseViewController.m */ = {isa = PBXFileReference; lastKnownFileType = sourcecode.c.objc; path = BaseViewController.m; sourceTree = "<group>"; };
		CBC047D9207DBC76009AF1F8 /* CHMyDevice.h */ = {isa = PBXFileReference; lastKnownFileType = sourcecode.c.h; path = CHMyDevice.h; sourceTree = "<group>"; };
		CBC047DA207DBC76009AF1F8 /* CHMyDevice.m */ = {isa = PBXFileReference; lastKnownFileType = sourcecode.c.objc; path = CHMyDevice.m; sourceTree = "<group>"; };
		CBC04892207E0D61009AF1F8 /* APITool.h */ = {isa = PBXFileReference; fileEncoding = 4; lastKnownFileType = sourcecode.c.h; path = APITool.h; sourceTree = "<group>"; };
		CBC04893207E0D61009AF1F8 /* UIStoryboard+XHAdd.m */ = {isa = PBXFileReference; fileEncoding = 4; lastKnownFileType = sourcecode.c.objc; path = "UIStoryboard+XHAdd.m"; sourceTree = "<group>"; };
		CBC04894207E0D61009AF1F8 /* XHUIHelper.h */ = {isa = PBXFileReference; fileEncoding = 4; lastKnownFileType = sourcecode.c.h; path = XHUIHelper.h; sourceTree = "<group>"; };
		CBC04895207E0D61009AF1F8 /* UIStoryboard+XHAdd.h */ = {isa = PBXFileReference; fileEncoding = 4; lastKnownFileType = sourcecode.c.h; path = "UIStoryboard+XHAdd.h"; sourceTree = "<group>"; };
		CBC04896207E0D61009AF1F8 /* APITool.m */ = {isa = PBXFileReference; fileEncoding = 4; lastKnownFileType = sourcecode.c.objc; path = APITool.m; sourceTree = "<group>"; };
		CBC04897207E0D61009AF1F8 /* XHUIHelper.m */ = {isa = PBXFileReference; fileEncoding = 4; lastKnownFileType = sourcecode.c.objc; path = XHUIHelper.m; sourceTree = "<group>"; };
		CBC04898207E0D61009AF1F8 /* StoryboardInstanceable.h */ = {isa = PBXFileReference; fileEncoding = 4; lastKnownFileType = sourcecode.c.h; path = StoryboardInstanceable.h; sourceTree = "<group>"; };
		CBC04899207E0D61009AF1F8 /* XHKitMacro.h */ = {isa = PBXFileReference; fileEncoding = 4; lastKnownFileType = sourcecode.c.h; path = XHKitMacro.h; sourceTree = "<group>"; };
		CBC0489B207E0D61009AF1F8 /* XHRequestManager.m */ = {isa = PBXFileReference; fileEncoding = 4; lastKnownFileType = sourcecode.c.objc; path = XHRequestManager.m; sourceTree = "<group>"; };
		CBC0489C207E0D61009AF1F8 /* XHRequestManager.h */ = {isa = PBXFileReference; fileEncoding = 4; lastKnownFileType = sourcecode.c.h; path = XHRequestManager.h; sourceTree = "<group>"; };
		CBC0489E207E0D61009AF1F8 /* XHModel+JSON.m */ = {isa = PBXFileReference; fileEncoding = 4; lastKnownFileType = sourcecode.c.objc; path = "XHModel+JSON.m"; sourceTree = "<group>"; };
		CBC0489F207E0D61009AF1F8 /* XHModel.m */ = {isa = PBXFileReference; fileEncoding = 4; lastKnownFileType = sourcecode.c.objc; path = XHModel.m; sourceTree = "<group>"; };
		CBC048A0207E0D61009AF1F8 /* XHClassInfo.m */ = {isa = PBXFileReference; fileEncoding = 4; lastKnownFileType = sourcecode.c.objc; path = XHClassInfo.m; sourceTree = "<group>"; };
		CBC048A1207E0D61009AF1F8 /* XHModel.h */ = {isa = PBXFileReference; fileEncoding = 4; lastKnownFileType = sourcecode.c.h; path = XHModel.h; sourceTree = "<group>"; };
		CBC048A2207E0D61009AF1F8 /* XHModel+JSON.h */ = {isa = PBXFileReference; fileEncoding = 4; lastKnownFileType = sourcecode.c.h; path = "XHModel+JSON.h"; sourceTree = "<group>"; };
		CBC048A3207E0D61009AF1F8 /* XHClassInfo.h */ = {isa = PBXFileReference; fileEncoding = 4; lastKnownFileType = sourcecode.c.h; path = XHClassInfo.h; sourceTree = "<group>"; };
		CBC048A5207E0D61009AF1F8 /* SVPullToRefresh.h */ = {isa = PBXFileReference; fileEncoding = 4; lastKnownFileType = sourcecode.c.h; path = SVPullToRefresh.h; sourceTree = "<group>"; };
		CBC048A6207E0D61009AF1F8 /* UIScrollView+SVInfiniteScrolling.m */ = {isa = PBXFileReference; fileEncoding = 4; lastKnownFileType = sourcecode.c.objc; path = "UIScrollView+SVInfiniteScrolling.m"; sourceTree = "<group>"; };
		CBC048A7207E0D61009AF1F8 /* UIScrollView+SVPullToRefresh.m */ = {isa = PBXFileReference; fileEncoding = 4; lastKnownFileType = sourcecode.c.objc; path = "UIScrollView+SVPullToRefresh.m"; sourceTree = "<group>"; };
		CBC048A8207E0D61009AF1F8 /* UIScrollView+SVInfiniteScrolling.h */ = {isa = PBXFileReference; fileEncoding = 4; lastKnownFileType = sourcecode.c.h; path = "UIScrollView+SVInfiniteScrolling.h"; sourceTree = "<group>"; };
		CBC048A9207E0D61009AF1F8 /* UIScrollView+SVPullToRefresh.h */ = {isa = PBXFileReference; fileEncoding = 4; lastKnownFileType = sourcecode.c.h; path = "UIScrollView+SVPullToRefresh.h"; sourceTree = "<group>"; };
		CBC048AB207E0D61009AF1F8 /* NSStringAddition.h */ = {isa = PBXFileReference; fileEncoding = 4; lastKnownFileType = sourcecode.c.h; path = NSStringAddition.h; sourceTree = "<group>"; };
		CBC048AC207E0D61009AF1F8 /* UITextField+NumberValid.h */ = {isa = PBXFileReference; fileEncoding = 4; lastKnownFileType = sourcecode.c.h; path = "UITextField+NumberValid.h"; sourceTree = "<group>"; };
		CBC048AD207E0D61009AF1F8 /* NSNumberAddition.h */ = {isa = PBXFileReference; fileEncoding = 4; lastKnownFileType = sourcecode.c.h; path = NSNumberAddition.h; sourceTree = "<group>"; };
		CBC048AE207E0D61009AF1F8 /* UIColor+Hexadecimal.h */ = {isa = PBXFileReference; fileEncoding = 4; lastKnownFileType = sourcecode.c.h; path = "UIColor+Hexadecimal.h"; sourceTree = "<group>"; };
		CBC048AF207E0D61009AF1F8 /* NSDateAddition.h */ = {isa = PBXFileReference; fileEncoding = 4; lastKnownFileType = sourcecode.c.h; path = NSDateAddition.h; sourceTree = "<group>"; };
		CBC048B0207E0D61009AF1F8 /* UIDeviceAddition.m */ = {isa = PBXFileReference; fileEncoding = 4; lastKnownFileType = sourcecode.c.objc; path = UIDeviceAddition.m; sourceTree = "<group>"; };
		CBC048B1207E0D61009AF1F8 /* NSNumber+Addition.h */ = {isa = PBXFileReference; fileEncoding = 4; lastKnownFileType = sourcecode.c.h; path = "NSNumber+Addition.h"; sourceTree = "<group>"; };
		CBC048B2207E0D61009AF1F8 /* UIButtonAdditions.h */ = {isa = PBXFileReference; fileEncoding = 4; lastKnownFileType = sourcecode.c.h; path = UIButtonAdditions.h; sourceTree = "<group>"; };
		CBC048B3207E0D61009AF1F8 /* NSDataAddition.m */ = {isa = PBXFileReference; fileEncoding = 4; lastKnownFileType = sourcecode.c.objc; path = NSDataAddition.m; sourceTree = "<group>"; };
		CBC048B4207E0D61009AF1F8 /* NSDictionaryAdditions.m */ = {isa = PBXFileReference; fileEncoding = 4; lastKnownFileType = sourcecode.c.objc; path = NSDictionaryAdditions.m; sourceTree = "<group>"; };
		CBC048B5207E0D61009AF1F8 /* UITextField+NumberValid.m */ = {isa = PBXFileReference; fileEncoding = 4; lastKnownFileType = sourcecode.c.objc; path = "UITextField+NumberValid.m"; sourceTree = "<group>"; };
		CBC048B6207E0D61009AF1F8 /* NSStringAddition.m */ = {isa = PBXFileReference; fileEncoding = 4; lastKnownFileType = sourcecode.c.objc; path = NSStringAddition.m; sourceTree = "<group>"; };
		CBC048B7207E0D61009AF1F8 /* UIColor+Hexadecimal.m */ = {isa = PBXFileReference; fileEncoding = 4; lastKnownFileType = sourcecode.c.objc; path = "UIColor+Hexadecimal.m"; sourceTree = "<group>"; };
		CBC048B8207E0D61009AF1F8 /* NSNumberAddition.m */ = {isa = PBXFileReference; fileEncoding = 4; lastKnownFileType = sourcecode.c.objc; path = NSNumberAddition.m; sourceTree = "<group>"; };
		CBC048B9207E0D61009AF1F8 /* NSNumber+Addition.m */ = {isa = PBXFileReference; fileEncoding = 4; lastKnownFileType = sourcecode.c.objc; path = "NSNumber+Addition.m"; sourceTree = "<group>"; };
		CBC048BA207E0D61009AF1F8 /* UIDeviceAddition.h */ = {isa = PBXFileReference; fileEncoding = 4; lastKnownFileType = sourcecode.c.h; path = UIDeviceAddition.h; sourceTree = "<group>"; };
		CBC048BB207E0D61009AF1F8 /* NSDateAddition.m */ = {isa = PBXFileReference; fileEncoding = 4; lastKnownFileType = sourcecode.c.objc; path = NSDateAddition.m; sourceTree = "<group>"; };
		CBC048BC207E0D61009AF1F8 /* NSDictionaryAdditions.h */ = {isa = PBXFileReference; fileEncoding = 4; lastKnownFileType = sourcecode.c.h; path = NSDictionaryAdditions.h; sourceTree = "<group>"; };
		CBC048BD207E0D61009AF1F8 /* NSDataAddition.h */ = {isa = PBXFileReference; fileEncoding = 4; lastKnownFileType = sourcecode.c.h; path = NSDataAddition.h; sourceTree = "<group>"; };
		CBC048BE207E0D61009AF1F8 /* UIButtonAdditions.m */ = {isa = PBXFileReference; fileEncoding = 4; lastKnownFileType = sourcecode.c.objc; path = UIButtonAdditions.m; sourceTree = "<group>"; };
		CBC048C1207E0D61009AF1F8 /* UIImage+XHAdd.m */ = {isa = PBXFileReference; fileEncoding = 4; lastKnownFileType = sourcecode.c.objc; path = "UIImage+XHAdd.m"; sourceTree = "<group>"; };
		CBC048C2207E0D61009AF1F8 /* UIApplication+XHAdd.h */ = {isa = PBXFileReference; fileEncoding = 4; lastKnownFileType = sourcecode.c.h; path = "UIApplication+XHAdd.h"; sourceTree = "<group>"; };
		CBC048C3207E0D61009AF1F8 /* UIView+XHAdd.h */ = {isa = PBXFileReference; fileEncoding = 4; lastKnownFileType = sourcecode.c.h; path = "UIView+XHAdd.h"; sourceTree = "<group>"; };
		CBC048C4207E0D61009AF1F8 /* UIView+TouchEvent.m */ = {isa = PBXFileReference; fileEncoding = 4; lastKnownFileType = sourcecode.c.objc; path = "UIView+TouchEvent.m"; sourceTree = "<group>"; };
		CBC048C5207E0D61009AF1F8 /* UIViewAdditions.h */ = {isa = PBXFileReference; fileEncoding = 4; lastKnownFileType = sourcecode.c.h; path = UIViewAdditions.h; sourceTree = "<group>"; };
		CBC048C6207E0D61009AF1F8 /* UIApplication+XHAdd.m */ = {isa = PBXFileReference; fileEncoding = 4; lastKnownFileType = sourcecode.c.objc; path = "UIApplication+XHAdd.m"; sourceTree = "<group>"; };
		CBC048C7207E0D61009AF1F8 /* UIImage+XHAdd.h */ = {isa = PBXFileReference; fileEncoding = 4; lastKnownFileType = sourcecode.c.h; path = "UIImage+XHAdd.h"; sourceTree = "<group>"; };
		CBC048C8207E0D61009AF1F8 /* UIView+XHAdd.m */ = {isa = PBXFileReference; fileEncoding = 4; lastKnownFileType = sourcecode.c.objc; path = "UIView+XHAdd.m"; sourceTree = "<group>"; };
		CBC048CA207E0D61009AF1F8 /* XHSegmentControl.h */ = {isa = PBXFileReference; fileEncoding = 4; lastKnownFileType = sourcecode.c.h; path = XHSegmentControl.h; sourceTree = "<group>"; };
		CBC048CB207E0D61009AF1F8 /* XHSegmentControl.m */ = {isa = PBXFileReference; fileEncoding = 4; lastKnownFileType = sourcecode.c.objc; path = XHSegmentControl.m; sourceTree = "<group>"; };
		CBC048CC207E0D61009AF1F8 /* UIViewAdditions.m */ = {isa = PBXFileReference; fileEncoding = 4; lastKnownFileType = sourcecode.c.objc; path = UIViewAdditions.m; sourceTree = "<group>"; };
		CBC048CD207E0D61009AF1F8 /* UIView+TouchEvent.h */ = {isa = PBXFileReference; fileEncoding = 4; lastKnownFileType = sourcecode.c.h; path = "UIView+TouchEvent.h"; sourceTree = "<group>"; };
		CBC048CF207E0D61009AF1F8 /* NSObject+XHAdd.h */ = {isa = PBXFileReference; fileEncoding = 4; lastKnownFileType = sourcecode.c.h; path = "NSObject+XHAdd.h"; sourceTree = "<group>"; };
		CBC048D0207E0D61009AF1F8 /* NSBundle+XHBundle.m */ = {isa = PBXFileReference; fileEncoding = 4; lastKnownFileType = sourcecode.c.objc; path = "NSBundle+XHBundle.m"; sourceTree = "<group>"; };
		CBC048D1207E0D61009AF1F8 /* NSArray+XHAdd.h */ = {isa = PBXFileReference; fileEncoding = 4; lastKnownFileType = sourcecode.c.h; path = "NSArray+XHAdd.h"; sourceTree = "<group>"; };
		CBC048D2207E0D61009AF1F8 /* NSArray+Order.h */ = {isa = PBXFileReference; fileEncoding = 4; lastKnownFileType = sourcecode.c.h; path = "NSArray+Order.h"; sourceTree = "<group>"; };
		CBC048D3207E0D61009AF1F8 /* NSObject+XHAdd.m */ = {isa = PBXFileReference; fileEncoding = 4; lastKnownFileType = sourcecode.c.objc; path = "NSObject+XHAdd.m"; sourceTree = "<group>"; };
		CBC048D4207E0D61009AF1F8 /* NSArray+XHAdd.m */ = {isa = PBXFileReference; fileEncoding = 4; lastKnownFileType = sourcecode.c.objc; path = "NSArray+XHAdd.m"; sourceTree = "<group>"; };
		CBC048D5207E0D61009AF1F8 /* NSBundle+XHBundle.h */ = {isa = PBXFileReference; fileEncoding = 4; lastKnownFileType = sourcecode.c.h; path = "NSBundle+XHBundle.h"; sourceTree = "<group>"; };
		CBC048D6207E0D61009AF1F8 /* NSArray+Order.m */ = {isa = PBXFileReference; fileEncoding = 4; lastKnownFileType = sourcecode.c.objc; path = "NSArray+Order.m"; sourceTree = "<group>"; };
		CBC0490D207E0D61009AF1F8 /* XHModelProtocol.h */ = {isa = PBXFileReference; fileEncoding = 4; lastKnownFileType = sourcecode.c.h; path = XHModelProtocol.h; sourceTree = "<group>"; };
		CBC0490F207E0D61009AF1F8 /* XHCGUtilities.m */ = {isa = PBXFileReference; fileEncoding = 4; lastKnownFileType = sourcecode.c.objc; path = XHCGUtilities.m; sourceTree = "<group>"; };
		CBC04910207E0D61009AF1F8 /* XHCGUtilities.h */ = {isa = PBXFileReference; fileEncoding = 4; lastKnownFileType = sourcecode.c.h; path = XHCGUtilities.h; sourceTree = "<group>"; };
		CBC04949207E14F3009AF1F8 /* CHOrderListController.h */ = {isa = PBXFileReference; lastKnownFileType = sourcecode.c.h; path = CHOrderListController.h; sourceTree = "<group>"; };
		CBC0494A207E14F3009AF1F8 /* CHOrderListController.m */ = {isa = PBXFileReference; lastKnownFileType = sourcecode.c.objc; path = CHOrderListController.m; sourceTree = "<group>"; };
		CBC0494C207E158C009AF1F8 /* CHOrderModel.h */ = {isa = PBXFileReference; lastKnownFileType = sourcecode.c.h; path = CHOrderModel.h; sourceTree = "<group>"; };
		CBC0494D207E158C009AF1F8 /* CHOrderModel.m */ = {isa = PBXFileReference; lastKnownFileType = sourcecode.c.objc; path = CHOrderModel.m; sourceTree = "<group>"; };
		CBC0494F207E162E009AF1F8 /* CHOrderView.h */ = {isa = PBXFileReference; lastKnownFileType = sourcecode.c.h; path = CHOrderView.h; sourceTree = "<group>"; };
		CBC04950207E162E009AF1F8 /* CHOrderView.m */ = {isa = PBXFileReference; lastKnownFileType = sourcecode.c.objc; path = CHOrderView.m; sourceTree = "<group>"; };
		CBC04953207E166B009AF1F8 /* CHOrderNewCell.h */ = {isa = PBXFileReference; lastKnownFileType = sourcecode.c.h; path = CHOrderNewCell.h; sourceTree = "<group>"; };
		CBC04954207E166B009AF1F8 /* CHOrderNewCell.m */ = {isa = PBXFileReference; lastKnownFileType = sourcecode.c.objc; path = CHOrderNewCell.m; sourceTree = "<group>"; };
		CBC04956207E18CD009AF1F8 /* UIView+ch_basic.h */ = {isa = PBXFileReference; lastKnownFileType = sourcecode.c.h; path = "UIView+ch_basic.h"; sourceTree = "<group>"; };
		CBC04957207E18CD009AF1F8 /* UIView+ch_basic.m */ = {isa = PBXFileReference; lastKnownFileType = sourcecode.c.objc; path = "UIView+ch_basic.m"; sourceTree = "<group>"; };
		CBC04959207E1F4B009AF1F8 /* CHOrderViewModel.h */ = {isa = PBXFileReference; lastKnownFileType = sourcecode.c.h; path = CHOrderViewModel.h; sourceTree = "<group>"; };
		CBC0495A207E1F4B009AF1F8 /* CHOrderViewModel.m */ = {isa = PBXFileReference; lastKnownFileType = sourcecode.c.objc; path = CHOrderViewModel.m; sourceTree = "<group>"; };
		CBC0495C207E2A5F009AF1F8 /* CHOrderReceiveCell.h */ = {isa = PBXFileReference; lastKnownFileType = sourcecode.c.h; path = CHOrderReceiveCell.h; sourceTree = "<group>"; };
		CBC0495D207E2A5F009AF1F8 /* CHOrderReceiveCell.m */ = {isa = PBXFileReference; lastKnownFileType = sourcecode.c.objc; path = CHOrderReceiveCell.m; sourceTree = "<group>"; };
		CBC04960207EED98009AF1F8 /* CHButton.h */ = {isa = PBXFileReference; lastKnownFileType = sourcecode.c.h; path = CHButton.h; sourceTree = "<group>"; };
		CBC04961207EED98009AF1F8 /* CHButton.m */ = {isa = PBXFileReference; lastKnownFileType = sourcecode.c.objc; path = CHButton.m; sourceTree = "<group>"; };
		CBC04963207EF276009AF1F8 /* CHOrderHeaderView.h */ = {isa = PBXFileReference; lastKnownFileType = sourcecode.c.h; path = CHOrderHeaderView.h; sourceTree = "<group>"; };
		CBC04964207EF276009AF1F8 /* CHOrderHeaderView.m */ = {isa = PBXFileReference; lastKnownFileType = sourcecode.c.objc; path = CHOrderHeaderView.m; sourceTree = "<group>"; };
		CBC04969207F0A93009AF1F8 /* go_02@2x.png */ = {isa = PBXFileReference; lastKnownFileType = image.png; path = "go_02@2x.png"; sourceTree = "<group>"; };
		CBC0496A207F0A93009AF1F8 /* Soft@2x.png */ = {isa = PBXFileReference; lastKnownFileType = image.png; path = "Soft@2x.png"; sourceTree = "<group>"; };
		CBC0496B207F0A93009AF1F8 /* Soft@3x.png */ = {isa = PBXFileReference; lastKnownFileType = image.png; path = "Soft@3x.png"; sourceTree = "<group>"; };
		CBC0496C207F0A93009AF1F8 /* go_02@3x.png */ = {isa = PBXFileReference; lastKnownFileType = image.png; path = "go_02@3x.png"; sourceTree = "<group>"; };
		CBC0496D207F0A93009AF1F8 /* pic01@2x.png */ = {isa = PBXFileReference; lastKnownFileType = image.png; path = "pic01@2x.png"; sourceTree = "<group>"; };
		CBC0496E207F0A93009AF1F8 /* my_icon@3x.png */ = {isa = PBXFileReference; lastKnownFileType = image.png; path = "my_icon@3x.png"; sourceTree = "<group>"; };
		CBC0496F207F0A93009AF1F8 /* my_icon@2x.png */ = {isa = PBXFileReference; lastKnownFileType = image.png; path = "my_icon@2x.png"; sourceTree = "<group>"; };
		CBC04970207F0A93009AF1F8 /* pic01@3x.png */ = {isa = PBXFileReference; lastKnownFileType = image.png; path = "pic01@3x.png"; sourceTree = "<group>"; };
		CBC04971207F0A93009AF1F8 /* nav_left@3x.png */ = {isa = PBXFileReference; lastKnownFileType = image.png; path = "nav_left@3x.png"; sourceTree = "<group>"; };
		CBC04972207F0A93009AF1F8 /* message_icon@2x.png */ = {isa = PBXFileReference; lastKnownFileType = image.png; path = "message_icon@2x.png"; sourceTree = "<group>"; };
		CBC04973207F0A93009AF1F8 /* message_icon@3x.png */ = {isa = PBXFileReference; lastKnownFileType = image.png; path = "message_icon@3x.png"; sourceTree = "<group>"; };
		CBC04974207F0A93009AF1F8 /* nav_left@2x.png */ = {isa = PBXFileReference; lastKnownFileType = image.png; path = "nav_left@2x.png"; sourceTree = "<group>"; };
		CBC04985207F0D66009AF1F8 /* pic_01@3x.png */ = {isa = PBXFileReference; lastKnownFileType = image.png; path = "pic_01@3x.png"; sourceTree = "<group>"; };
		CBC04986207F0D67009AF1F8 /* pic_01@2x.png */ = {isa = PBXFileReference; lastKnownFileType = image.png; path = "pic_01@2x.png"; sourceTree = "<group>"; };
		CBC04989207F0DAD009AF1F8 /* Travel@2x.png */ = {isa = PBXFileReference; lastKnownFileType = image.png; path = "Travel@2x.png"; sourceTree = "<group>"; };
		CBC0498A207F0DAD009AF1F8 /* Travel@3x.png */ = {isa = PBXFileReference; lastKnownFileType = image.png; path = "Travel@3x.png"; sourceTree = "<group>"; };
		CBC0498B207F0DAD009AF1F8 /* Tel@3x.png */ = {isa = PBXFileReference; lastKnownFileType = image.png; path = "Tel@3x.png"; sourceTree = "<group>"; };
		CBC0498C207F0DAD009AF1F8 /* Tel@2x.png */ = {isa = PBXFileReference; lastKnownFileType = image.png; path = "Tel@2x.png"; sourceTree = "<group>"; };
		CBC04992207F1E58009AF1F8 /* UIViewController+RTRootNavigationController.m */ = {isa = PBXFileReference; fileEncoding = 4; lastKnownFileType = sourcecode.c.objc; path = "UIViewController+RTRootNavigationController.m"; sourceTree = "<group>"; };
		CBC04993207F1E58009AF1F8 /* RTRootNavigationController.m */ = {isa = PBXFileReference; fileEncoding = 4; lastKnownFileType = sourcecode.c.objc; path = RTRootNavigationController.m; sourceTree = "<group>"; };
		CBC04994207F1E58009AF1F8 /* RTRootNavigationController.h */ = {isa = PBXFileReference; fileEncoding = 4; lastKnownFileType = sourcecode.c.h; path = RTRootNavigationController.h; sourceTree = "<group>"; };
		CBC04995207F1E58009AF1F8 /* UIViewController+RTRootNavigationController.h */ = {isa = PBXFileReference; fileEncoding = 4; lastKnownFileType = sourcecode.c.h; path = "UIViewController+RTRootNavigationController.h"; sourceTree = "<group>"; };
		CBC04998207F1F51009AF1F8 /* BaseNavigationController.h */ = {isa = PBXFileReference; lastKnownFileType = sourcecode.c.h; path = BaseNavigationController.h; sourceTree = "<group>"; };
		CBC04999207F1F51009AF1F8 /* BaseNavigationController.m */ = {isa = PBXFileReference; lastKnownFileType = sourcecode.c.objc; path = BaseNavigationController.m; sourceTree = "<group>"; };
		CBC0499B207F21A6009AF1F8 /* ViewController1.h */ = {isa = PBXFileReference; lastKnownFileType = sourcecode.c.h; path = ViewController1.h; sourceTree = "<group>"; };
		CBC0499C207F21A6009AF1F8 /* ViewController1.m */ = {isa = PBXFileReference; lastKnownFileType = sourcecode.c.objc; path = ViewController1.m; sourceTree = "<group>"; };
		CBC049A1207F25C7009AF1F8 /* UIImage+Add.h */ = {isa = PBXFileReference; lastKnownFileType = sourcecode.c.h; path = "UIImage+Add.h"; sourceTree = "<group>"; };
		CBC049A2207F25C7009AF1F8 /* UIImage+Add.m */ = {isa = PBXFileReference; lastKnownFileType = sourcecode.c.objc; path = "UIImage+Add.m"; sourceTree = "<group>"; };
		CBC049A4207F2F7D009AF1F8 /* backarrow_icon@2x.png */ = {isa = PBXFileReference; lastKnownFileType = image.png; path = "backarrow_icon@2x.png"; sourceTree = "<group>"; };
		CBC049A5207F2F7D009AF1F8 /* backarrow_icon@3x.png */ = {isa = PBXFileReference; lastKnownFileType = image.png; path = "backarrow_icon@3x.png"; sourceTree = "<group>"; };
		D4759F79CF0AE3613EB9079F /* Pods-Yak_DriverTests.release.xcconfig */ = {isa = PBXFileReference; includeInIndex = 1; lastKnownFileType = text.xcconfig; name = "Pods-Yak_DriverTests.release.xcconfig"; path = "Pods/Target Support Files/Pods-Yak_DriverTests/Pods-Yak_DriverTests.release.xcconfig"; sourceTree = "<group>"; };
		F308C5E6DE1DE6AC09A68011 /* Pods-Yak_DriverUITests.debug.xcconfig */ = {isa = PBXFileReference; includeInIndex = 1; lastKnownFileType = text.xcconfig; name = "Pods-Yak_DriverUITests.debug.xcconfig"; path = "Pods/Target Support Files/Pods-Yak_DriverUITests/Pods-Yak_DriverUITests.debug.xcconfig"; sourceTree = "<group>"; };
/* End PBXFileReference section */

/* Begin PBXFrameworksBuildPhase section */
		CBC03DD8207DA2A9009AF1F8 /* Frameworks */ = {
			isa = PBXFrameworksBuildPhase;
			buildActionMask = 2147483647;
			files = (
				0D43770DA5C3C7780CF43BBE /* libPods-Yak_Driver.a in Frameworks */,
			);
			runOnlyForDeploymentPostprocessing = 0;
		};
		CBC03DF0207DA2AB009AF1F8 /* Frameworks */ = {
			isa = PBXFrameworksBuildPhase;
			buildActionMask = 2147483647;
			files = (
				F9E00F4D6C469713FA0EDF8A /* libPods-Yak_DriverTests.a in Frameworks */,
			);
			runOnlyForDeploymentPostprocessing = 0;
		};
		CBC03DFB207DA2AB009AF1F8 /* Frameworks */ = {
			isa = PBXFrameworksBuildPhase;
			buildActionMask = 2147483647;
			files = (
				C2AAF9781C3DF558E3FA286B /* libPods-Yak_DriverUITests.a in Frameworks */,
			);
			runOnlyForDeploymentPostprocessing = 0;
		};
/* End PBXFrameworksBuildPhase section */

/* Begin PBXGroup section */
		1511FA1B72D88D9A65E8327C /* Pods */ = {
			isa = PBXGroup;
			children = (
				AE99BD4E3D16FEB0975B6C6F /* Pods-Yak_Driver.debug.xcconfig */,
				76D878C644DA2BDD118705F5 /* Pods-Yak_Driver.release.xcconfig */,
				23467470007DDAB0B9B1638C /* Pods-Yak_DriverTests.debug.xcconfig */,
				D4759F79CF0AE3613EB9079F /* Pods-Yak_DriverTests.release.xcconfig */,
				F308C5E6DE1DE6AC09A68011 /* Pods-Yak_DriverUITests.debug.xcconfig */,
				9E82889A44F7FBA546DEA7D4 /* Pods-Yak_DriverUITests.release.xcconfig */,
			);
			name = Pods;
			sourceTree = "<group>";
		};
		268FD75CB02EB82AF372547F /* Frameworks */ = {
			isa = PBXGroup;
			children = (
				9459CCB8E114CF70FF86C70F /* libPods-Yak_Driver.a */,
				5D3162913C359C45B628134A /* libPods-Yak_DriverTests.a */,
				0920D64E9481397C5F0E5E2B /* libPods-Yak_DriverUITests.a */,
			);
			name = Frameworks;
			sourceTree = "<group>";
		};
		CBC03DD2207DA2A9009AF1F8 = {
			isa = PBXGroup;
			children = (
				CBC03DDD207DA2A9009AF1F8 /* Yak_Driver */,
				CBC03DF6207DA2AB009AF1F8 /* Yak_DriverTests */,
				CBC03E01207DA2AB009AF1F8 /* Yak_DriverUITests */,
				CBC03DDC207DA2A9009AF1F8 /* Products */,
				1511FA1B72D88D9A65E8327C /* Pods */,
				268FD75CB02EB82AF372547F /* Frameworks */,
			);
			sourceTree = "<group>";
		};
		CBC03DDC207DA2A9009AF1F8 /* Products */ = {
			isa = PBXGroup;
			children = (
				CBC03DDB207DA2A9009AF1F8 /* Yak_Driver.app */,
				CBC03DF3207DA2AB009AF1F8 /* Yak_DriverTests.xctest */,
				CBC03DFE207DA2AB009AF1F8 /* Yak_DriverUITests.xctest */,
			);
			name = Products;
			sourceTree = "<group>";
		};
		CBC03DDD207DA2A9009AF1F8 /* Yak_Driver */ = {
			isa = PBXGroup;
			children = (
				CBC04966207F0A2E009AF1F8 /* Resource */,
				CBC047D4207DBB39009AF1F8 /* Base */,
				CBC04037207DB366009AF1F8 /* Tools */,
				CBC04031207DAFC9009AF1F8 /* Define */,
				CBC04030207DA988009AF1F8 /* AppDelegate */,
				CBC0402E207DA969009AF1F8 /* Class */,
				CBC03E10207DA3E4009AF1F8 /* Vendor */,
				CBC0402F207DA973009AF1F8 /* Others */,
				CBC03DEC207DA2AB009AF1F8 /* Info.plist */,
			);
			path = Yak_Driver;
			sourceTree = "<group>";
		};
		CBC03DF6207DA2AB009AF1F8 /* Yak_DriverTests */ = {
			isa = PBXGroup;
			children = (
				CBC03DF7207DA2AB009AF1F8 /* Yak_DriverTests.m */,
				CBC03DF9207DA2AB009AF1F8 /* Info.plist */,
			);
			path = Yak_DriverTests;
			sourceTree = "<group>";
		};
		CBC03E01207DA2AB009AF1F8 /* Yak_DriverUITests */ = {
			isa = PBXGroup;
			children = (
				CBC03E02207DA2AB009AF1F8 /* Yak_DriverUITests.m */,
				CBC03E04207DA2AB009AF1F8 /* Info.plist */,
			);
			path = Yak_DriverUITests;
			sourceTree = "<group>";
		};
		CBC03E10207DA3E4009AF1F8 /* Vendor */ = {
			isa = PBXGroup;
			children = (
				CBC04890207E0D61009AF1F8 /* XHKit_OC */,
			);
			path = Vendor;
			sourceTree = "<group>";
		};
		CBC0402E207DA969009AF1F8 /* Class */ = {
			isa = PBXGroup;
			children = (
				CBC04944207E146A009AF1F8 /* OrderList */,
			);
			path = Class;
			sourceTree = "<group>";
		};
		CBC0402F207DA973009AF1F8 /* Others */ = {
			isa = PBXGroup;
			children = (
				CBC03DED207DA2AB009AF1F8 /* main.m */,
				CBC03DE1207DA2A9009AF1F8 /* ViewController.h */,
				CBC03DE2207DA2A9009AF1F8 /* ViewController.m */,
				CBC03DE4207DA2A9009AF1F8 /* Main.storyboard */,
				CBC03DE7207DA2AB009AF1F8 /* Assets.xcassets */,
				CBC03DE9207DA2AB009AF1F8 /* LaunchScreen.storyboard */,
			);
			path = Others;
			sourceTree = "<group>";
		};
		CBC04030207DA988009AF1F8 /* AppDelegate */ = {
			isa = PBXGroup;
			children = (
				CBC03DDE207DA2A9009AF1F8 /* AppDelegate.h */,
				CBC03DDF207DA2A9009AF1F8 /* AppDelegate.m */,
			);
			path = AppDelegate;
			sourceTree = "<group>";
		};
		CBC04031207DAFC9009AF1F8 /* Define */ = {
			isa = PBXGroup;
			children = (
				CBC04032207DAFE5009AF1F8 /* Single */,
				CBC04034207DB059009AF1F8 /* Yak_Drive_PrefixHeader.pch */,
				CBC04035207DB12C009AF1F8 /* UtilsMacros.h */,
				CBC04036207DB14C009AF1F8 /* FontAndColorMacros.h */,
			);
			path = Define;
			sourceTree = "<group>";
		};
		CBC04032207DAFE5009AF1F8 /* Single */ = {
			isa = PBXGroup;
			children = (
				CBC04033207DAFF6009AF1F8 /* CHSingleton.h */,
			);
			path = Single;
			sourceTree = "<group>";
		};
		CBC04037207DB366009AF1F8 /* Tools */ = {
			isa = PBXGroup;
			children = (
				CBC0495F207EED81009AF1F8 /* CHButton */,
				CBC047D8207DBC56009AF1F8 /* Device */,
				CBC047CD207DB605009AF1F8 /* Category */,
				CBC047C9207DB5A5009AF1F8 /* CHLabel */,
				CBC047C5207DB491009AF1F8 /* CHAdapter */,
				CBC047C1207DB44D009AF1F8 /* ReplaceNullData */,
			);
			path = Tools;
			sourceTree = "<group>";
		};
		CBC047C1207DB44D009AF1F8 /* ReplaceNullData */ = {
			isa = PBXGroup;
			children = (
				CBC047C2207DB465009AF1F8 /* CHReplaceNullData.h */,
				CBC047C3207DB465009AF1F8 /* CHReplaceNullData.m */,
			);
			path = ReplaceNullData;
			sourceTree = "<group>";
		};
		CBC047C5207DB491009AF1F8 /* CHAdapter */ = {
			isa = PBXGroup;
			children = (
				CBC047C6207DB4A0009AF1F8 /* CHAdapter.h */,
				CBC047C7207DB4A0009AF1F8 /* CHAdapter.m */,
			);
			path = CHAdapter;
			sourceTree = "<group>";
		};
		CBC047C9207DB5A5009AF1F8 /* CHLabel */ = {
			isa = PBXGroup;
			children = (
				CBC047CA207DB5B4009AF1F8 /* CHLabel.h */,
				CBC047CB207DB5B4009AF1F8 /* CHLabel.m */,
			);
			path = CHLabel;
			sourceTree = "<group>";
		};
		CBC047CD207DB605009AF1F8 /* Category */ = {
			isa = PBXGroup;
			children = (
				CBC047CE207DB629009AF1F8 /* NSString+Add.h */,
				CBC047CF207DB629009AF1F8 /* NSString+Add.m */,
				CBC047D1207DB8F8009AF1F8 /* UIColor+Hex.h */,
				CBC047D2207DB8F8009AF1F8 /* UIColor+Hex.m */,
				CBC04956207E18CD009AF1F8 /* UIView+ch_basic.h */,
				CBC04957207E18CD009AF1F8 /* UIView+ch_basic.m */,
				CBC049A1207F25C7009AF1F8 /* UIImage+Add.h */,
				CBC049A2207F25C7009AF1F8 /* UIImage+Add.m */,
			);
			path = Category;
			sourceTree = "<group>";
		};
		CBC047D4207DBB39009AF1F8 /* Base */ = {
			isa = PBXGroup;
			children = (
				CBC047D5207DBB57009AF1F8 /* BaseViewController.h */,
				CBC047D6207DBB57009AF1F8 /* BaseViewController.m */,
				CBC04994207F1E58009AF1F8 /* RTRootNavigationController.h */,
				CBC04993207F1E58009AF1F8 /* RTRootNavigationController.m */,
				CBC04995207F1E58009AF1F8 /* UIViewController+RTRootNavigationController.h */,
				CBC04992207F1E58009AF1F8 /* UIViewController+RTRootNavigationController.m */,
				CBC04998207F1F51009AF1F8 /* BaseNavigationController.h */,
				CBC04999207F1F51009AF1F8 /* BaseNavigationController.m */,
			);
			path = Base;
			sourceTree = "<group>";
		};
		CBC047D8207DBC56009AF1F8 /* Device */ = {
			isa = PBXGroup;
			children = (
				CBC047D9207DBC76009AF1F8 /* CHMyDevice.h */,
				CBC047DA207DBC76009AF1F8 /* CHMyDevice.m */,
			);
			path = Device;
			sourceTree = "<group>";
		};
		CBC04890207E0D61009AF1F8 /* XHKit_OC */ = {
			isa = PBXGroup;
			children = (
				CBC04891207E0D61009AF1F8 /* Tools */,
				CBC04899207E0D61009AF1F8 /* XHKitMacro.h */,
				CBC0489A207E0D61009AF1F8 /* NetWorkAPI */,
				CBC0489D207E0D61009AF1F8 /* Model */,
				CBC048A4207E0D61009AF1F8 /* SVPullToRefresh */,
				CBC048AA207E0D61009AF1F8 /* Categories */,
				CBC048BF207E0D61009AF1F8 /* Base */,
			);
			path = XHKit_OC;
			sourceTree = "<group>";
		};
		CBC04891207E0D61009AF1F8 /* Tools */ = {
			isa = PBXGroup;
			children = (
				CBC04892207E0D61009AF1F8 /* APITool.h */,
				CBC04893207E0D61009AF1F8 /* UIStoryboard+XHAdd.m */,
				CBC04894207E0D61009AF1F8 /* XHUIHelper.h */,
				CBC04895207E0D61009AF1F8 /* UIStoryboard+XHAdd.h */,
				CBC04896207E0D61009AF1F8 /* APITool.m */,
				CBC04897207E0D61009AF1F8 /* XHUIHelper.m */,
				CBC04898207E0D61009AF1F8 /* StoryboardInstanceable.h */,
			);
			path = Tools;
			sourceTree = "<group>";
		};
		CBC0489A207E0D61009AF1F8 /* NetWorkAPI */ = {
			isa = PBXGroup;
			children = (
				CBC0489B207E0D61009AF1F8 /* XHRequestManager.m */,
				CBC0489C207E0D61009AF1F8 /* XHRequestManager.h */,
			);
			path = NetWorkAPI;
			sourceTree = "<group>";
		};
		CBC0489D207E0D61009AF1F8 /* Model */ = {
			isa = PBXGroup;
			children = (
				CBC0489E207E0D61009AF1F8 /* XHModel+JSON.m */,
				CBC0489F207E0D61009AF1F8 /* XHModel.m */,
				CBC048A0207E0D61009AF1F8 /* XHClassInfo.m */,
				CBC048A1207E0D61009AF1F8 /* XHModel.h */,
				CBC048A2207E0D61009AF1F8 /* XHModel+JSON.h */,
				CBC048A3207E0D61009AF1F8 /* XHClassInfo.h */,
			);
			path = Model;
			sourceTree = "<group>";
		};
		CBC048A4207E0D61009AF1F8 /* SVPullToRefresh */ = {
			isa = PBXGroup;
			children = (
				CBC048A5207E0D61009AF1F8 /* SVPullToRefresh.h */,
				CBC048A6207E0D61009AF1F8 /* UIScrollView+SVInfiniteScrolling.m */,
				CBC048A7207E0D61009AF1F8 /* UIScrollView+SVPullToRefresh.m */,
				CBC048A8207E0D61009AF1F8 /* UIScrollView+SVInfiniteScrolling.h */,
				CBC048A9207E0D61009AF1F8 /* UIScrollView+SVPullToRefresh.h */,
			);
			path = SVPullToRefresh;
			sourceTree = "<group>";
		};
		CBC048AA207E0D61009AF1F8 /* Categories */ = {
			isa = PBXGroup;
			children = (
				CBC048AB207E0D61009AF1F8 /* NSStringAddition.h */,
				CBC048AC207E0D61009AF1F8 /* UITextField+NumberValid.h */,
				CBC048AD207E0D61009AF1F8 /* NSNumberAddition.h */,
				CBC048AE207E0D61009AF1F8 /* UIColor+Hexadecimal.h */,
				CBC048AF207E0D61009AF1F8 /* NSDateAddition.h */,
				CBC048B0207E0D61009AF1F8 /* UIDeviceAddition.m */,
				CBC048B1207E0D61009AF1F8 /* NSNumber+Addition.h */,
				CBC048B2207E0D61009AF1F8 /* UIButtonAdditions.h */,
				CBC048B3207E0D61009AF1F8 /* NSDataAddition.m */,
				CBC048B4207E0D61009AF1F8 /* NSDictionaryAdditions.m */,
				CBC048B5207E0D61009AF1F8 /* UITextField+NumberValid.m */,
				CBC048B6207E0D61009AF1F8 /* NSStringAddition.m */,
				CBC048B7207E0D61009AF1F8 /* UIColor+Hexadecimal.m */,
				CBC048B8207E0D61009AF1F8 /* NSNumberAddition.m */,
				CBC048B9207E0D61009AF1F8 /* NSNumber+Addition.m */,
				CBC048BA207E0D61009AF1F8 /* UIDeviceAddition.h */,
				CBC048BB207E0D61009AF1F8 /* NSDateAddition.m */,
				CBC048BC207E0D61009AF1F8 /* NSDictionaryAdditions.h */,
				CBC048BD207E0D61009AF1F8 /* NSDataAddition.h */,
				CBC048BE207E0D61009AF1F8 /* UIButtonAdditions.m */,
			);
			path = Categories;
			sourceTree = "<group>";
		};
		CBC048BF207E0D61009AF1F8 /* Base */ = {
			isa = PBXGroup;
			children = (
				CBC048C0207E0D61009AF1F8 /* UIKit */,
				CBC048CE207E0D61009AF1F8 /* Foundation */,
				CBC0490C207E0D61009AF1F8 /* Model */,
				CBC0490E207E0D61009AF1F8 /* Quartz */,
			);
			path = Base;
			sourceTree = "<group>";
		};
		CBC048C0207E0D61009AF1F8 /* UIKit */ = {
			isa = PBXGroup;
			children = (
				CBC048C1207E0D61009AF1F8 /* UIImage+XHAdd.m */,
				CBC048C2207E0D61009AF1F8 /* UIApplication+XHAdd.h */,
				CBC048C3207E0D61009AF1F8 /* UIView+XHAdd.h */,
				CBC048C4207E0D61009AF1F8 /* UIView+TouchEvent.m */,
				CBC048C5207E0D61009AF1F8 /* UIViewAdditions.h */,
				CBC048C6207E0D61009AF1F8 /* UIApplication+XHAdd.m */,
				CBC048C7207E0D61009AF1F8 /* UIImage+XHAdd.h */,
				CBC048C8207E0D61009AF1F8 /* UIView+XHAdd.m */,
				CBC048C9207E0D61009AF1F8 /* View */,
				CBC048CC207E0D61009AF1F8 /* UIViewAdditions.m */,
				CBC048CD207E0D61009AF1F8 /* UIView+TouchEvent.h */,
			);
			path = UIKit;
			sourceTree = "<group>";
		};
		CBC048C9207E0D61009AF1F8 /* View */ = {
			isa = PBXGroup;
			children = (
				CBC048CA207E0D61009AF1F8 /* XHSegmentControl.h */,
				CBC048CB207E0D61009AF1F8 /* XHSegmentControl.m */,
			);
			path = View;
			sourceTree = "<group>";
		};
		CBC048CE207E0D61009AF1F8 /* Foundation */ = {
			isa = PBXGroup;
			children = (
				CBC048CF207E0D61009AF1F8 /* NSObject+XHAdd.h */,
				CBC048D0207E0D61009AF1F8 /* NSBundle+XHBundle.m */,
				CBC048D1207E0D61009AF1F8 /* NSArray+XHAdd.h */,
				CBC048D2207E0D61009AF1F8 /* NSArray+Order.h */,
				CBC048D3207E0D61009AF1F8 /* NSObject+XHAdd.m */,
				CBC048D4207E0D61009AF1F8 /* NSArray+XHAdd.m */,
				CBC048D5207E0D61009AF1F8 /* NSBundle+XHBundle.h */,
				CBC048D6207E0D61009AF1F8 /* NSArray+Order.m */,
			);
			path = Foundation;
			sourceTree = "<group>";
		};
		CBC0490C207E0D61009AF1F8 /* Model */ = {
			isa = PBXGroup;
			children = (
				CBC0490D207E0D61009AF1F8 /* XHModelProtocol.h */,
			);
			path = Model;
			sourceTree = "<group>";
		};
		CBC0490E207E0D61009AF1F8 /* Quartz */ = {
			isa = PBXGroup;
			children = (
				CBC0490F207E0D61009AF1F8 /* XHCGUtilities.m */,
				CBC04910207E0D61009AF1F8 /* XHCGUtilities.h */,
			);
			path = Quartz;
			sourceTree = "<group>";
		};
		CBC04944207E146A009AF1F8 /* OrderList */ = {
			isa = PBXGroup;
			children = (
				CBC04948207E14B5009AF1F8 /* ViewController */,
				CBC04947207E14A9009AF1F8 /* ViewModel */,
				CBC04946207E1485009AF1F8 /* View */,
				CBC04945207E1480009AF1F8 /* Model */,
			);
			path = OrderList;
			sourceTree = "<group>";
		};
		CBC04945207E1480009AF1F8 /* Model */ = {
			isa = PBXGroup;
			children = (
				CBC0494C207E158C009AF1F8 /* CHOrderModel.h */,
				CBC0494D207E158C009AF1F8 /* CHOrderModel.m */,
			);
			path = Model;
			sourceTree = "<group>";
		};
		CBC04946207E1485009AF1F8 /* View */ = {
			isa = PBXGroup;
			children = (
				CBC04952207E163A009AF1F8 /* Cell */,
				CBC0494F207E162E009AF1F8 /* CHOrderView.h */,
				CBC04950207E162E009AF1F8 /* CHOrderView.m */,
				CBC04963207EF276009AF1F8 /* CHOrderHeaderView.h */,
				CBC04964207EF276009AF1F8 /* CHOrderHeaderView.m */,
			);
			path = View;
			sourceTree = "<group>";
		};
		CBC04947207E14A9009AF1F8 /* ViewModel */ = {
			isa = PBXGroup;
			children = (
				CBC04959207E1F4B009AF1F8 /* CHOrderViewModel.h */,
				CBC0495A207E1F4B009AF1F8 /* CHOrderViewModel.m */,
			);
			path = ViewModel;
			sourceTree = "<group>";
		};
		CBC04948207E14B5009AF1F8 /* ViewController */ = {
			isa = PBXGroup;
			children = (
				CBC04949207E14F3009AF1F8 /* CHOrderListController.h */,
				CBC0494A207E14F3009AF1F8 /* CHOrderListController.m */,
				CBC0499B207F21A6009AF1F8 /* ViewController1.h */,
				CBC0499C207F21A6009AF1F8 /* ViewController1.m */,
			);
			path = ViewController;
			sourceTree = "<group>";
		};
		CBC04952207E163A009AF1F8 /* Cell */ = {
			isa = PBXGroup;
			children = (
				CBC04953207E166B009AF1F8 /* CHOrderNewCell.h */,
				CBC04954207E166B009AF1F8 /* CHOrderNewCell.m */,
				CBC0495C207E2A5F009AF1F8 /* CHOrderReceiveCell.h */,
				CBC0495D207E2A5F009AF1F8 /* CHOrderReceiveCell.m */,
			);
			path = Cell;
			sourceTree = "<group>";
		};
		CBC0495F207EED81009AF1F8 /* CHButton */ = {
			isa = PBXGroup;
			children = (
				CBC04960207EED98009AF1F8 /* CHButton.h */,
				CBC04961207EED98009AF1F8 /* CHButton.m */,
			);
			path = CHButton;
			sourceTree = "<group>";
		};
		CBC04966207F0A2E009AF1F8 /* Resource */ = {
			isa = PBXGroup;
			children = (
				CBC04968207F0A93009AF1F8 /* image */,
			);
			path = Resource;
			sourceTree = "<group>";
		};
		CBC04968207F0A93009AF1F8 /* image */ = {
			isa = PBXGroup;
			children = (
				CBC049A4207F2F7D009AF1F8 /* backarrow_icon@2x.png */,
				CBC049A5207F2F7D009AF1F8 /* backarrow_icon@3x.png */,
				CBC0498C207F0DAD009AF1F8 /* Tel@2x.png */,
				CBC0498B207F0DAD009AF1F8 /* Tel@3x.png */,
				CBC04989207F0DAD009AF1F8 /* Travel@2x.png */,
				CBC0498A207F0DAD009AF1F8 /* Travel@3x.png */,
				CBC04986207F0D67009AF1F8 /* pic_01@2x.png */,
				CBC04985207F0D66009AF1F8 /* pic_01@3x.png */,
				CBC04969207F0A93009AF1F8 /* go_02@2x.png */,
				CBC0496A207F0A93009AF1F8 /* Soft@2x.png */,
				CBC0496B207F0A93009AF1F8 /* Soft@3x.png */,
				CBC0496C207F0A93009AF1F8 /* go_02@3x.png */,
				CBC0496D207F0A93009AF1F8 /* pic01@2x.png */,
				CBC0496E207F0A93009AF1F8 /* my_icon@3x.png */,
				CBC0496F207F0A93009AF1F8 /* my_icon@2x.png */,
				CBC04970207F0A93009AF1F8 /* pic01@3x.png */,
				CBC04971207F0A93009AF1F8 /* nav_left@3x.png */,
				CBC04972207F0A93009AF1F8 /* message_icon@2x.png */,
				CBC04973207F0A93009AF1F8 /* message_icon@3x.png */,
				CBC04974207F0A93009AF1F8 /* nav_left@2x.png */,
			);
			path = image;
			sourceTree = "<group>";
		};
/* End PBXGroup section */

/* Begin PBXNativeTarget section */
		CBC03DDA207DA2A9009AF1F8 /* Yak_Driver */ = {
			isa = PBXNativeTarget;
			buildConfigurationList = CBC03E07207DA2AB009AF1F8 /* Build configuration list for PBXNativeTarget "Yak_Driver" */;
			buildPhases = (
				84DFC4E3DC3ED975E1682F02 /* [CP] Check Pods Manifest.lock */,
				CBC03DD7207DA2A9009AF1F8 /* Sources */,
				CBC03DD8207DA2A9009AF1F8 /* Frameworks */,
				CBC03DD9207DA2A9009AF1F8 /* Resources */,
				34318BF088FBAA05DB42EF0A /* [CP] Embed Pods Frameworks */,
				FBB135AEFF075D7C64BC80D2 /* [CP] Copy Pods Resources */,
			);
			buildRules = (
			);
			dependencies = (
			);
			name = Yak_Driver;
			productName = Yak_Driver;
			productReference = CBC03DDB207DA2A9009AF1F8 /* Yak_Driver.app */;
			productType = "com.apple.product-type.application";
		};
		CBC03DF2207DA2AB009AF1F8 /* Yak_DriverTests */ = {
			isa = PBXNativeTarget;
			buildConfigurationList = CBC03E0A207DA2AB009AF1F8 /* Build configuration list for PBXNativeTarget "Yak_DriverTests" */;
			buildPhases = (
				BF685F30978CF2F2D0836F71 /* [CP] Check Pods Manifest.lock */,
				CBC03DEF207DA2AB009AF1F8 /* Sources */,
				CBC03DF0207DA2AB009AF1F8 /* Frameworks */,
				CBC03DF1207DA2AB009AF1F8 /* Resources */,
				191583D45E355A3469BFB7FD /* [CP] Embed Pods Frameworks */,
				EB2CF22EB8DB7C2C3117BDBF /* [CP] Copy Pods Resources */,
			);
			buildRules = (
			);
			dependencies = (
				CBC03DF5207DA2AB009AF1F8 /* PBXTargetDependency */,
			);
			name = Yak_DriverTests;
			productName = Yak_DriverTests;
			productReference = CBC03DF3207DA2AB009AF1F8 /* Yak_DriverTests.xctest */;
			productType = "com.apple.product-type.bundle.unit-test";
		};
		CBC03DFD207DA2AB009AF1F8 /* Yak_DriverUITests */ = {
			isa = PBXNativeTarget;
			buildConfigurationList = CBC03E0D207DA2AB009AF1F8 /* Build configuration list for PBXNativeTarget "Yak_DriverUITests" */;
			buildPhases = (
				06D620F1156235CB6F964467 /* [CP] Check Pods Manifest.lock */,
				CBC03DFA207DA2AB009AF1F8 /* Sources */,
				CBC03DFB207DA2AB009AF1F8 /* Frameworks */,
				CBC03DFC207DA2AB009AF1F8 /* Resources */,
				A656D5CDED719B6D8EE614DF /* [CP] Embed Pods Frameworks */,
				242CA26692F39F6722F8F565 /* [CP] Copy Pods Resources */,
			);
			buildRules = (
			);
			dependencies = (
				CBC03E00207DA2AB009AF1F8 /* PBXTargetDependency */,
			);
			name = Yak_DriverUITests;
			productName = Yak_DriverUITests;
			productReference = CBC03DFE207DA2AB009AF1F8 /* Yak_DriverUITests.xctest */;
			productType = "com.apple.product-type.bundle.ui-testing";
		};
/* End PBXNativeTarget section */

/* Begin PBXProject section */
		CBC03DD3207DA2A9009AF1F8 /* Project object */ = {
			isa = PBXProject;
			attributes = {
				LastUpgradeCheck = 0930;
				ORGANIZATIONNAME = Charlie;
				TargetAttributes = {
					CBC03DDA207DA2A9009AF1F8 = {
						CreatedOnToolsVersion = 9.3;
					};
					CBC03DF2207DA2AB009AF1F8 = {
						CreatedOnToolsVersion = 9.3;
						TestTargetID = CBC03DDA207DA2A9009AF1F8;
					};
					CBC03DFD207DA2AB009AF1F8 = {
						CreatedOnToolsVersion = 9.3;
						TestTargetID = CBC03DDA207DA2A9009AF1F8;
					};
				};
			};
			buildConfigurationList = CBC03DD6207DA2A9009AF1F8 /* Build configuration list for PBXProject "Yak_Driver" */;
			compatibilityVersion = "Xcode 9.3";
			developmentRegion = en;
			hasScannedForEncodings = 0;
			knownRegions = (
				en,
				Base,
			);
			mainGroup = CBC03DD2207DA2A9009AF1F8;
			productRefGroup = CBC03DDC207DA2A9009AF1F8 /* Products */;
			projectDirPath = "";
			projectRoot = "";
			targets = (
				CBC03DDA207DA2A9009AF1F8 /* Yak_Driver */,
				CBC03DF2207DA2AB009AF1F8 /* Yak_DriverTests */,
				CBC03DFD207DA2AB009AF1F8 /* Yak_DriverUITests */,
			);
		};
/* End PBXProject section */

/* Begin PBXResourcesBuildPhase section */
		CBC03DD9207DA2A9009AF1F8 /* Resources */ = {
			isa = PBXResourcesBuildPhase;
			buildActionMask = 2147483647;
			files = (
				CBC04988207F0D67009AF1F8 /* pic_01@2x.png in Resources */,
				CBC04976207F0A94009AF1F8 /* Soft@2x.png in Resources */,
				CBC04975207F0A94009AF1F8 /* go_02@2x.png in Resources */,
				CBC03DEB207DA2AB009AF1F8 /* LaunchScreen.storyboard in Resources */,
				CBC04977207F0A94009AF1F8 /* Soft@3x.png in Resources */,
				CBC0497D207F0A94009AF1F8 /* nav_left@3x.png in Resources */,
				CBC0497E207F0A94009AF1F8 /* message_icon@2x.png in Resources */,
				CBC0497A207F0A94009AF1F8 /* my_icon@3x.png in Resources */,
				CBC04987207F0D67009AF1F8 /* pic_01@3x.png in Resources */,
				CBC0498E207F0DAD009AF1F8 /* Travel@3x.png in Resources */,
				CBC049A6207F2F7D009AF1F8 /* backarrow_icon@2x.png in Resources */,
				CBC049A7207F2F7D009AF1F8 /* backarrow_icon@3x.png in Resources */,
				CBC04978207F0A94009AF1F8 /* go_02@3x.png in Resources */,
				CBC0498D207F0DAD009AF1F8 /* Travel@2x.png in Resources */,
				CBC03DE8207DA2AB009AF1F8 /* Assets.xcassets in Resources */,
				CBC0497C207F0A94009AF1F8 /* pic01@3x.png in Resources */,
				CBC04990207F0DAD009AF1F8 /* Tel@2x.png in Resources */,
				CBC04980207F0A94009AF1F8 /* nav_left@2x.png in Resources */,
				CBC0497F207F0A94009AF1F8 /* message_icon@3x.png in Resources */,
				CBC0497B207F0A94009AF1F8 /* my_icon@2x.png in Resources */,
				CBC0498F207F0DAD009AF1F8 /* Tel@3x.png in Resources */,
				CBC04979207F0A94009AF1F8 /* pic01@2x.png in Resources */,
				CBC03DE6207DA2A9009AF1F8 /* Main.storyboard in Resources */,
			);
			runOnlyForDeploymentPostprocessing = 0;
		};
		CBC03DF1207DA2AB009AF1F8 /* Resources */ = {
			isa = PBXResourcesBuildPhase;
			buildActionMask = 2147483647;
			files = (
			);
			runOnlyForDeploymentPostprocessing = 0;
		};
		CBC03DFC207DA2AB009AF1F8 /* Resources */ = {
			isa = PBXResourcesBuildPhase;
			buildActionMask = 2147483647;
			files = (
			);
			runOnlyForDeploymentPostprocessing = 0;
		};
/* End PBXResourcesBuildPhase section */

/* Begin PBXShellScriptBuildPhase section */
		06D620F1156235CB6F964467 /* [CP] Check Pods Manifest.lock */ = {
			isa = PBXShellScriptBuildPhase;
			buildActionMask = 2147483647;
			files = (
			);
			inputPaths = (
				"${PODS_PODFILE_DIR_PATH}/Podfile.lock",
				"${PODS_ROOT}/Manifest.lock",
			);
			name = "[CP] Check Pods Manifest.lock";
			outputPaths = (
				"$(DERIVED_FILE_DIR)/Pods-Yak_DriverUITests-checkManifestLockResult.txt",
			);
			runOnlyForDeploymentPostprocessing = 0;
			shellPath = /bin/sh;
			shellScript = "diff \"${PODS_PODFILE_DIR_PATH}/Podfile.lock\" \"${PODS_ROOT}/Manifest.lock\" > /dev/null\nif [ $? != 0 ] ; then\n    # print error to STDERR\n    echo \"error: The sandbox is not in sync with the Podfile.lock. Run 'pod install' or update your CocoaPods installation.\" >&2\n    exit 1\nfi\n# This output is used by Xcode 'outputs' to avoid re-running this script phase.\necho \"SUCCESS\" > \"${SCRIPT_OUTPUT_FILE_0}\"\n";
			showEnvVarsInLog = 0;
		};
		191583D45E355A3469BFB7FD /* [CP] Embed Pods Frameworks */ = {
			isa = PBXShellScriptBuildPhase;
			buildActionMask = 2147483647;
			files = (
			);
			inputPaths = (
			);
			name = "[CP] Embed Pods Frameworks";
			outputPaths = (
			);
			runOnlyForDeploymentPostprocessing = 0;
			shellPath = /bin/sh;
			shellScript = "\"${SRCROOT}/Pods/Target Support Files/Pods-Yak_DriverTests/Pods-Yak_DriverTests-frameworks.sh\"\n";
			showEnvVarsInLog = 0;
		};
		242CA26692F39F6722F8F565 /* [CP] Copy Pods Resources */ = {
			isa = PBXShellScriptBuildPhase;
			buildActionMask = 2147483647;
			files = (
			);
			inputPaths = (
			);
			name = "[CP] Copy Pods Resources";
			outputPaths = (
			);
			runOnlyForDeploymentPostprocessing = 0;
			shellPath = /bin/sh;
			shellScript = "\"${SRCROOT}/Pods/Target Support Files/Pods-Yak_DriverUITests/Pods-Yak_DriverUITests-resources.sh\"\n";
			showEnvVarsInLog = 0;
		};
		34318BF088FBAA05DB42EF0A /* [CP] Embed Pods Frameworks */ = {
			isa = PBXShellScriptBuildPhase;
			buildActionMask = 2147483647;
			files = (
			);
			inputPaths = (
			);
			name = "[CP] Embed Pods Frameworks";
			outputPaths = (
			);
			runOnlyForDeploymentPostprocessing = 0;
			shellPath = /bin/sh;
			shellScript = "\"${SRCROOT}/Pods/Target Support Files/Pods-Yak_Driver/Pods-Yak_Driver-frameworks.sh\"\n";
			showEnvVarsInLog = 0;
		};
		84DFC4E3DC3ED975E1682F02 /* [CP] Check Pods Manifest.lock */ = {
			isa = PBXShellScriptBuildPhase;
			buildActionMask = 2147483647;
			files = (
			);
			inputPaths = (
				"${PODS_PODFILE_DIR_PATH}/Podfile.lock",
				"${PODS_ROOT}/Manifest.lock",
			);
			name = "[CP] Check Pods Manifest.lock";
			outputPaths = (
				"$(DERIVED_FILE_DIR)/Pods-Yak_Driver-checkManifestLockResult.txt",
			);
			runOnlyForDeploymentPostprocessing = 0;
			shellPath = /bin/sh;
			shellScript = "diff \"${PODS_PODFILE_DIR_PATH}/Podfile.lock\" \"${PODS_ROOT}/Manifest.lock\" > /dev/null\nif [ $? != 0 ] ; then\n    # print error to STDERR\n    echo \"error: The sandbox is not in sync with the Podfile.lock. Run 'pod install' or update your CocoaPods installation.\" >&2\n    exit 1\nfi\n# This output is used by Xcode 'outputs' to avoid re-running this script phase.\necho \"SUCCESS\" > \"${SCRIPT_OUTPUT_FILE_0}\"\n";
			showEnvVarsInLog = 0;
		};
		A656D5CDED719B6D8EE614DF /* [CP] Embed Pods Frameworks */ = {
			isa = PBXShellScriptBuildPhase;
			buildActionMask = 2147483647;
			files = (
			);
			inputPaths = (
			);
			name = "[CP] Embed Pods Frameworks";
			outputPaths = (
			);
			runOnlyForDeploymentPostprocessing = 0;
			shellPath = /bin/sh;
			shellScript = "\"${SRCROOT}/Pods/Target Support Files/Pods-Yak_DriverUITests/Pods-Yak_DriverUITests-frameworks.sh\"\n";
			showEnvVarsInLog = 0;
		};
		BF685F30978CF2F2D0836F71 /* [CP] Check Pods Manifest.lock */ = {
			isa = PBXShellScriptBuildPhase;
			buildActionMask = 2147483647;
			files = (
			);
			inputPaths = (
				"${PODS_PODFILE_DIR_PATH}/Podfile.lock",
				"${PODS_ROOT}/Manifest.lock",
			);
			name = "[CP] Check Pods Manifest.lock";
			outputPaths = (
				"$(DERIVED_FILE_DIR)/Pods-Yak_DriverTests-checkManifestLockResult.txt",
			);
			runOnlyForDeploymentPostprocessing = 0;
			shellPath = /bin/sh;
			shellScript = "diff \"${PODS_PODFILE_DIR_PATH}/Podfile.lock\" \"${PODS_ROOT}/Manifest.lock\" > /dev/null\nif [ $? != 0 ] ; then\n    # print error to STDERR\n    echo \"error: The sandbox is not in sync with the Podfile.lock. Run 'pod install' or update your CocoaPods installation.\" >&2\n    exit 1\nfi\n# This output is used by Xcode 'outputs' to avoid re-running this script phase.\necho \"SUCCESS\" > \"${SCRIPT_OUTPUT_FILE_0}\"\n";
			showEnvVarsInLog = 0;
		};
		EB2CF22EB8DB7C2C3117BDBF /* [CP] Copy Pods Resources */ = {
			isa = PBXShellScriptBuildPhase;
			buildActionMask = 2147483647;
			files = (
			);
			inputPaths = (
			);
			name = "[CP] Copy Pods Resources";
			outputPaths = (
			);
			runOnlyForDeploymentPostprocessing = 0;
			shellPath = /bin/sh;
			shellScript = "\"${SRCROOT}/Pods/Target Support Files/Pods-Yak_DriverTests/Pods-Yak_DriverTests-resources.sh\"\n";
			showEnvVarsInLog = 0;
		};
		FBB135AEFF075D7C64BC80D2 /* [CP] Copy Pods Resources */ = {
			isa = PBXShellScriptBuildPhase;
			buildActionMask = 2147483647;
			files = (
			);
			inputPaths = (
			);
			name = "[CP] Copy Pods Resources";
			outputPaths = (
			);
			runOnlyForDeploymentPostprocessing = 0;
			shellPath = /bin/sh;
			shellScript = "\"${SRCROOT}/Pods/Target Support Files/Pods-Yak_Driver/Pods-Yak_Driver-resources.sh\"\n";
			showEnvVarsInLog = 0;
		};
/* End PBXShellScriptBuildPhase section */

/* Begin PBXSourcesBuildPhase section */
		CBC03DD7207DA2A9009AF1F8 /* Sources */ = {
			isa = PBXSourcesBuildPhase;
			buildActionMask = 2147483647;
			files = (
				CBC047D7207DBB57009AF1F8 /* BaseViewController.m in Sources */,
				CBC03DE3207DA2A9009AF1F8 /* ViewController.m in Sources */,
				CBC04918207E0D61009AF1F8 /* UIScrollView+SVInfiniteScrolling.m in Sources */,
				CBC04958207E18CD009AF1F8 /* UIView+ch_basic.m in Sources */,
				CBC04915207E0D61009AF1F8 /* XHModel+JSON.m in Sources */,
				CBC04919207E0D61009AF1F8 /* UIScrollView+SVPullToRefresh.m in Sources */,
				CBC0494B207E14F3009AF1F8 /* CHOrderListController.m in Sources */,
				CBC04928207E0D61009AF1F8 /* XHSegmentControl.m in Sources */,
				CBC03DEE207DA2AB009AF1F8 /* main.m in Sources */,
				CBC047D3207DB8F8009AF1F8 /* UIColor+Hex.m in Sources */,
				CBC04951207E162E009AF1F8 /* CHOrderView.m in Sources */,
				CBC04997207F1E58009AF1F8 /* RTRootNavigationController.m in Sources */,
				CBC04916207E0D61009AF1F8 /* XHModel.m in Sources */,
				CBC04962207EED98009AF1F8 /* CHButton.m in Sources */,
				CBC0492D207E0D61009AF1F8 /* NSArray+Order.m in Sources */,
				CBC04912207E0D61009AF1F8 /* APITool.m in Sources */,
				CBC04923207E0D61009AF1F8 /* UIButtonAdditions.m in Sources */,
				CBC0495E207E2A5F009AF1F8 /* CHOrderReceiveCell.m in Sources */,
				CBC047D0207DB629009AF1F8 /* NSString+Add.m in Sources */,
				CBC04913207E0D61009AF1F8 /* XHUIHelper.m in Sources */,
				CBC04925207E0D61009AF1F8 /* UIView+TouchEvent.m in Sources */,
				CBC04917207E0D61009AF1F8 /* XHClassInfo.m in Sources */,
				CBC03DE0207DA2A9009AF1F8 /* AppDelegate.m in Sources */,
				CBC04929207E0D61009AF1F8 /* UIViewAdditions.m in Sources */,
				CBC047C4207DB465009AF1F8 /* CHReplaceNullData.m in Sources */,
				CBC0492C207E0D61009AF1F8 /* NSArray+XHAdd.m in Sources */,
				CBC0491C207E0D61009AF1F8 /* NSDictionaryAdditions.m in Sources */,
				CBC0495B207E1F4B009AF1F8 /* CHOrderViewModel.m in Sources */,
				CBC0499D207F21A6009AF1F8 /* ViewController1.m in Sources */,
				CBC04920207E0D61009AF1F8 /* NSNumberAddition.m in Sources */,
				CBC04927207E0D61009AF1F8 /* UIView+XHAdd.m in Sources */,
				CBC04965207EF276009AF1F8 /* CHOrderHeaderView.m in Sources */,
				CBC0491B207E0D61009AF1F8 /* NSDataAddition.m in Sources */,
				CBC0499A207F1F51009AF1F8 /* BaseNavigationController.m in Sources */,
				CBC0492A207E0D61009AF1F8 /* NSBundle+XHBundle.m in Sources */,
				CBC047C8207DB4A0009AF1F8 /* CHAdapter.m in Sources */,
				CBC04955207E166B009AF1F8 /* CHOrderNewCell.m in Sources */,
				CBC0491F207E0D61009AF1F8 /* UIColor+Hexadecimal.m in Sources */,
				CBC04943207E0D61009AF1F8 /* XHCGUtilities.m in Sources */,
				CBC0491E207E0D61009AF1F8 /* NSStringAddition.m in Sources */,
				CBC04926207E0D61009AF1F8 /* UIApplication+XHAdd.m in Sources */,
				CBC04996207F1E58009AF1F8 /* UIViewController+RTRootNavigationController.m in Sources */,
				CBC0491D207E0D61009AF1F8 /* UITextField+NumberValid.m in Sources */,
				CBC04921207E0D61009AF1F8 /* NSNumber+Addition.m in Sources */,
				CBC04924207E0D61009AF1F8 /* UIImage+XHAdd.m in Sources */,
				CBC049A3207F25C7009AF1F8 /* UIImage+Add.m in Sources */,
				CBC047DB207DBC76009AF1F8 /* CHMyDevice.m in Sources */,
				CBC04914207E0D61009AF1F8 /* XHRequestManager.m in Sources */,
				CBC0492B207E0D61009AF1F8 /* NSObject+XHAdd.m in Sources */,
				CBC047CC207DB5B4009AF1F8 /* CHLabel.m in Sources */,
				CBC04911207E0D61009AF1F8 /* UIStoryboard+XHAdd.m in Sources */,
				CBC04922207E0D61009AF1F8 /* NSDateAddition.m in Sources */,
				CBC0491A207E0D61009AF1F8 /* UIDeviceAddition.m in Sources */,
				CBC0494E207E158C009AF1F8 /* CHOrderModel.m in Sources */,
			);
			runOnlyForDeploymentPostprocessing = 0;
		};
		CBC03DEF207DA2AB009AF1F8 /* Sources */ = {
			isa = PBXSourcesBuildPhase;
			buildActionMask = 2147483647;
			files = (
				CBC03DF8207DA2AB009AF1F8 /* Yak_DriverTests.m in Sources */,
			);
			runOnlyForDeploymentPostprocessing = 0;
		};
		CBC03DFA207DA2AB009AF1F8 /* Sources */ = {
			isa = PBXSourcesBuildPhase;
			buildActionMask = 2147483647;
			files = (
				CBC03E03207DA2AB009AF1F8 /* Yak_DriverUITests.m in Sources */,
			);
			runOnlyForDeploymentPostprocessing = 0;
		};
/* End PBXSourcesBuildPhase section */

/* Begin PBXTargetDependency section */
		CBC03DF5207DA2AB009AF1F8 /* PBXTargetDependency */ = {
			isa = PBXTargetDependency;
			target = CBC03DDA207DA2A9009AF1F8 /* Yak_Driver */;
			targetProxy = CBC03DF4207DA2AB009AF1F8 /* PBXContainerItemProxy */;
		};
		CBC03E00207DA2AB009AF1F8 /* PBXTargetDependency */ = {
			isa = PBXTargetDependency;
			target = CBC03DDA207DA2A9009AF1F8 /* Yak_Driver */;
			targetProxy = CBC03DFF207DA2AB009AF1F8 /* PBXContainerItemProxy */;
		};
/* End PBXTargetDependency section */

/* Begin PBXVariantGroup section */
		CBC03DE4207DA2A9009AF1F8 /* Main.storyboard */ = {
			isa = PBXVariantGroup;
			children = (
				CBC03DE5207DA2A9009AF1F8 /* Base */,
			);
			name = Main.storyboard;
			sourceTree = "<group>";
		};
		CBC03DE9207DA2AB009AF1F8 /* LaunchScreen.storyboard */ = {
			isa = PBXVariantGroup;
			children = (
				CBC03DEA207DA2AB009AF1F8 /* Base */,
			);
			name = LaunchScreen.storyboard;
			sourceTree = "<group>";
		};
/* End PBXVariantGroup section */

/* Begin XCBuildConfiguration section */
		CBC03E05207DA2AB009AF1F8 /* Debug */ = {
			isa = XCBuildConfiguration;
			buildSettings = {
				ALWAYS_SEARCH_USER_PATHS = NO;
				CLANG_ANALYZER_NONNULL = YES;
				CLANG_ANALYZER_NUMBER_OBJECT_CONVERSION = YES_AGGRESSIVE;
				CLANG_CXX_LANGUAGE_STANDARD = "gnu++14";
				CLANG_CXX_LIBRARY = "libc++";
				CLANG_ENABLE_MODULES = YES;
				CLANG_ENABLE_OBJC_ARC = YES;
				CLANG_ENABLE_OBJC_WEAK = YES;
				CLANG_WARN_BLOCK_CAPTURE_AUTORELEASING = YES;
				CLANG_WARN_BOOL_CONVERSION = YES;
				CLANG_WARN_COMMA = YES;
				CLANG_WARN_CONSTANT_CONVERSION = YES;
				CLANG_WARN_DEPRECATED_OBJC_IMPLEMENTATIONS = YES;
				CLANG_WARN_DIRECT_OBJC_ISA_USAGE = YES_ERROR;
				CLANG_WARN_DOCUMENTATION_COMMENTS = YES;
				CLANG_WARN_EMPTY_BODY = YES;
				CLANG_WARN_ENUM_CONVERSION = YES;
				CLANG_WARN_INFINITE_RECURSION = YES;
				CLANG_WARN_INT_CONVERSION = YES;
				CLANG_WARN_NON_LITERAL_NULL_CONVERSION = YES;
				CLANG_WARN_OBJC_IMPLICIT_RETAIN_SELF = YES;
				CLANG_WARN_OBJC_LITERAL_CONVERSION = YES;
				CLANG_WARN_OBJC_ROOT_CLASS = YES_ERROR;
				CLANG_WARN_RANGE_LOOP_ANALYSIS = YES;
				CLANG_WARN_STRICT_PROTOTYPES = YES;
				CLANG_WARN_SUSPICIOUS_MOVE = YES;
				CLANG_WARN_UNGUARDED_AVAILABILITY = YES_AGGRESSIVE;
				CLANG_WARN_UNREACHABLE_CODE = YES;
				CLANG_WARN__DUPLICATE_METHOD_MATCH = YES;
				CODE_SIGN_IDENTITY = "iPhone Developer";
				COPY_PHASE_STRIP = NO;
				DEBUG_INFORMATION_FORMAT = dwarf;
				ENABLE_STRICT_OBJC_MSGSEND = YES;
				ENABLE_TESTABILITY = YES;
				GCC_C_LANGUAGE_STANDARD = gnu11;
				GCC_DYNAMIC_NO_PIC = NO;
				GCC_NO_COMMON_BLOCKS = YES;
				GCC_OPTIMIZATION_LEVEL = 0;
				GCC_PREPROCESSOR_DEFINITIONS = (
					"DEBUG=1",
					"$(inherited)",
				);
				GCC_WARN_64_TO_32_BIT_CONVERSION = YES;
				GCC_WARN_ABOUT_RETURN_TYPE = YES_ERROR;
				GCC_WARN_UNDECLARED_SELECTOR = YES;
				GCC_WARN_UNINITIALIZED_AUTOS = YES_AGGRESSIVE;
				GCC_WARN_UNUSED_FUNCTION = YES;
				GCC_WARN_UNUSED_VARIABLE = YES;
				IPHONEOS_DEPLOYMENT_TARGET = 11.3;
				MTL_ENABLE_DEBUG_INFO = YES;
				ONLY_ACTIVE_ARCH = YES;
				SDKROOT = iphoneos;
			};
			name = Debug;
		};
		CBC03E06207DA2AB009AF1F8 /* Release */ = {
			isa = XCBuildConfiguration;
			buildSettings = {
				ALWAYS_SEARCH_USER_PATHS = NO;
				CLANG_ANALYZER_NONNULL = YES;
				CLANG_ANALYZER_NUMBER_OBJECT_CONVERSION = YES_AGGRESSIVE;
				CLANG_CXX_LANGUAGE_STANDARD = "gnu++14";
				CLANG_CXX_LIBRARY = "libc++";
				CLANG_ENABLE_MODULES = YES;
				CLANG_ENABLE_OBJC_ARC = YES;
				CLANG_ENABLE_OBJC_WEAK = YES;
				CLANG_WARN_BLOCK_CAPTURE_AUTORELEASING = YES;
				CLANG_WARN_BOOL_CONVERSION = YES;
				CLANG_WARN_COMMA = YES;
				CLANG_WARN_CONSTANT_CONVERSION = YES;
				CLANG_WARN_DEPRECATED_OBJC_IMPLEMENTATIONS = YES;
				CLANG_WARN_DIRECT_OBJC_ISA_USAGE = YES_ERROR;
				CLANG_WARN_DOCUMENTATION_COMMENTS = YES;
				CLANG_WARN_EMPTY_BODY = YES;
				CLANG_WARN_ENUM_CONVERSION = YES;
				CLANG_WARN_INFINITE_RECURSION = YES;
				CLANG_WARN_INT_CONVERSION = YES;
				CLANG_WARN_NON_LITERAL_NULL_CONVERSION = YES;
				CLANG_WARN_OBJC_IMPLICIT_RETAIN_SELF = YES;
				CLANG_WARN_OBJC_LITERAL_CONVERSION = YES;
				CLANG_WARN_OBJC_ROOT_CLASS = YES_ERROR;
				CLANG_WARN_RANGE_LOOP_ANALYSIS = YES;
				CLANG_WARN_STRICT_PROTOTYPES = YES;
				CLANG_WARN_SUSPICIOUS_MOVE = YES;
				CLANG_WARN_UNGUARDED_AVAILABILITY = YES_AGGRESSIVE;
				CLANG_WARN_UNREACHABLE_CODE = YES;
				CLANG_WARN__DUPLICATE_METHOD_MATCH = YES;
				CODE_SIGN_IDENTITY = "iPhone Developer";
				COPY_PHASE_STRIP = NO;
				DEBUG_INFORMATION_FORMAT = "dwarf-with-dsym";
				ENABLE_NS_ASSERTIONS = NO;
				ENABLE_STRICT_OBJC_MSGSEND = YES;
				GCC_C_LANGUAGE_STANDARD = gnu11;
				GCC_NO_COMMON_BLOCKS = YES;
				GCC_WARN_64_TO_32_BIT_CONVERSION = YES;
				GCC_WARN_ABOUT_RETURN_TYPE = YES_ERROR;
				GCC_WARN_UNDECLARED_SELECTOR = YES;
				GCC_WARN_UNINITIALIZED_AUTOS = YES_AGGRESSIVE;
				GCC_WARN_UNUSED_FUNCTION = YES;
				GCC_WARN_UNUSED_VARIABLE = YES;
				IPHONEOS_DEPLOYMENT_TARGET = 11.3;
				MTL_ENABLE_DEBUG_INFO = NO;
				SDKROOT = iphoneos;
				VALIDATE_PRODUCT = YES;
			};
			name = Release;
		};
		CBC03E08207DA2AB009AF1F8 /* Debug */ = {
			isa = XCBuildConfiguration;
			baseConfigurationReference = AE99BD4E3D16FEB0975B6C6F /* Pods-Yak_Driver.debug.xcconfig */;
			buildSettings = {
				ASSETCATALOG_COMPILER_APPICON_NAME = AppIcon;
				CODE_SIGN_STYLE = Automatic;
				DEVELOPMENT_TEAM = NC4DX4UJFQ;
				GCC_PREFIX_HEADER = "$(SRCROOT)/Yak_Driver/Define/Yak_Drive_PrefixHeader.pch";
				INFOPLIST_FILE = Yak_Driver/Info.plist;
				IPHONEOS_DEPLOYMENT_TARGET = 9.0;
				LD_RUNPATH_SEARCH_PATHS = (
					"$(inherited)",
					"@executable_path/Frameworks",
				);
				PRODUCT_BUNDLE_IDENTIFIER = "Charlie.Yak-Driver";
				PRODUCT_NAME = "$(TARGET_NAME)";
				TARGETED_DEVICE_FAMILY = "1,2";
			};
			name = Debug;
		};
		CBC03E09207DA2AB009AF1F8 /* Release */ = {
			isa = XCBuildConfiguration;
			baseConfigurationReference = 76D878C644DA2BDD118705F5 /* Pods-Yak_Driver.release.xcconfig */;
			buildSettings = {
				ASSETCATALOG_COMPILER_APPICON_NAME = AppIcon;
				CODE_SIGN_STYLE = Automatic;
				DEVELOPMENT_TEAM = NC4DX4UJFQ;
				GCC_PREFIX_HEADER = "$(SRCROOT)/Yak_Driver/Define/Yak_Drive_PrefixHeader.pch";
				INFOPLIST_FILE = Yak_Driver/Info.plist;
				IPHONEOS_DEPLOYMENT_TARGET = 9.0;
				LD_RUNPATH_SEARCH_PATHS = (
					"$(inherited)",
					"@executable_path/Frameworks",
				);
				PRODUCT_BUNDLE_IDENTIFIER = "Charlie.Yak-Driver";
				PRODUCT_NAME = "$(TARGET_NAME)";
				TARGETED_DEVICE_FAMILY = "1,2";
			};
			name = Release;
		};
		CBC03E0B207DA2AB009AF1F8 /* Debug */ = {
			isa = XCBuildConfiguration;
			baseConfigurationReference = 23467470007DDAB0B9B1638C /* Pods-Yak_DriverTests.debug.xcconfig */;
			buildSettings = {
				BUNDLE_LOADER = "$(TEST_HOST)";
				CODE_SIGN_STYLE = Automatic;
				DEVELOPMENT_TEAM = NC4DX4UJFQ;
				INFOPLIST_FILE = Yak_DriverTests/Info.plist;
				LD_RUNPATH_SEARCH_PATHS = (
					"$(inherited)",
					"@executable_path/Frameworks",
					"@loader_path/Frameworks",
				);
				PRODUCT_BUNDLE_IDENTIFIER = "Charlie.Yak-DriverTests";
				PRODUCT_NAME = "$(TARGET_NAME)";
				TARGETED_DEVICE_FAMILY = "1,2";
				TEST_HOST = "$(BUILT_PRODUCTS_DIR)/Yak_Driver.app/Yak_Driver";
			};
			name = Debug;
		};
		CBC03E0C207DA2AB009AF1F8 /* Release */ = {
			isa = XCBuildConfiguration;
			baseConfigurationReference = D4759F79CF0AE3613EB9079F /* Pods-Yak_DriverTests.release.xcconfig */;
			buildSettings = {
				BUNDLE_LOADER = "$(TEST_HOST)";
				CODE_SIGN_STYLE = Automatic;
				DEVELOPMENT_TEAM = NC4DX4UJFQ;
				INFOPLIST_FILE = Yak_DriverTests/Info.plist;
				LD_RUNPATH_SEARCH_PATHS = (
					"$(inherited)",
					"@executable_path/Frameworks",
					"@loader_path/Frameworks",
				);
				PRODUCT_BUNDLE_IDENTIFIER = "Charlie.Yak-DriverTests";
				PRODUCT_NAME = "$(TARGET_NAME)";
				TARGETED_DEVICE_FAMILY = "1,2";
				TEST_HOST = "$(BUILT_PRODUCTS_DIR)/Yak_Driver.app/Yak_Driver";
			};
			name = Release;
		};
		CBC03E0E207DA2AB009AF1F8 /* Debug */ = {
			isa = XCBuildConfiguration;
			baseConfigurationReference = F308C5E6DE1DE6AC09A68011 /* Pods-Yak_DriverUITests.debug.xcconfig */;
			buildSettings = {
				CODE_SIGN_STYLE = Automatic;
				DEVELOPMENT_TEAM = NC4DX4UJFQ;
				INFOPLIST_FILE = Yak_DriverUITests/Info.plist;
				LD_RUNPATH_SEARCH_PATHS = (
					"$(inherited)",
					"@executable_path/Frameworks",
					"@loader_path/Frameworks",
				);
				PRODUCT_BUNDLE_IDENTIFIER = "Charlie.Yak-DriverUITests";
				PRODUCT_NAME = "$(TARGET_NAME)";
				TARGETED_DEVICE_FAMILY = "1,2";
				TEST_TARGET_NAME = Yak_Driver;
			};
			name = Debug;
		};
		CBC03E0F207DA2AB009AF1F8 /* Release */ = {
			isa = XCBuildConfiguration;
			baseConfigurationReference = 9E82889A44F7FBA546DEA7D4 /* Pods-Yak_DriverUITests.release.xcconfig */;
			buildSettings = {
				CODE_SIGN_STYLE = Automatic;
				DEVELOPMENT_TEAM = NC4DX4UJFQ;
				INFOPLIST_FILE = Yak_DriverUITests/Info.plist;
				LD_RUNPATH_SEARCH_PATHS = (
					"$(inherited)",
					"@executable_path/Frameworks",
					"@loader_path/Frameworks",
				);
				PRODUCT_BUNDLE_IDENTIFIER = "Charlie.Yak-DriverUITests";
				PRODUCT_NAME = "$(TARGET_NAME)";
				TARGETED_DEVICE_FAMILY = "1,2";
				TEST_TARGET_NAME = Yak_Driver;
			};
			name = Release;
		};
/* End XCBuildConfiguration section */

/* Begin XCConfigurationList section */
		CBC03DD6207DA2A9009AF1F8 /* Build configuration list for PBXProject "Yak_Driver" */ = {
			isa = XCConfigurationList;
			buildConfigurations = (
				CBC03E05207DA2AB009AF1F8 /* Debug */,
				CBC03E06207DA2AB009AF1F8 /* Release */,
			);
			defaultConfigurationIsVisible = 0;
			defaultConfigurationName = Release;
		};
		CBC03E07207DA2AB009AF1F8 /* Build configuration list for PBXNativeTarget "Yak_Driver" */ = {
			isa = XCConfigurationList;
			buildConfigurations = (
				CBC03E08207DA2AB009AF1F8 /* Debug */,
				CBC03E09207DA2AB009AF1F8 /* Release */,
			);
			defaultConfigurationIsVisible = 0;
			defaultConfigurationName = Release;
		};
		CBC03E0A207DA2AB009AF1F8 /* Build configuration list for PBXNativeTarget "Yak_DriverTests" */ = {
			isa = XCConfigurationList;
			buildConfigurations = (
				CBC03E0B207DA2AB009AF1F8 /* Debug */,
				CBC03E0C207DA2AB009AF1F8 /* Release */,
			);
			defaultConfigurationIsVisible = 0;
			defaultConfigurationName = Release;
		};
		CBC03E0D207DA2AB009AF1F8 /* Build configuration list for PBXNativeTarget "Yak_DriverUITests" */ = {
			isa = XCConfigurationList;
			buildConfigurations = (
				CBC03E0E207DA2AB009AF1F8 /* Debug */,
				CBC03E0F207DA2AB009AF1F8 /* Release */,
			);
			defaultConfigurationIsVisible = 0;
			defaultConfigurationName = Release;
		};
/* End XCConfigurationList section */
	};
	rootObject = CBC03DD3207DA2A9009AF1F8 /* Project object */;
}
